// !$*UTF8*$!
{
	archiveVersion = 1;
	classes = {
	};
	objectVersion = 46;
	objects = {

/* Begin PBXBuildFile section */
		1AC6FB21180E996B004C840B /* libcocos2d Mac.a in Frameworks */ = {isa = PBXBuildFile; fileRef = 1AC6FAF9180E9839004C840B /* libcocos2d Mac.a */; };
		1AC6FB30180E99EB004C840B /* libcocos2d iOS.a in Frameworks */ = {isa = PBXBuildFile; fileRef = 1AC6FB07180E9839004C840B /* libcocos2d iOS.a */; };
		1D60589F0D05DD5A006BFB54 /* Foundation.framework in Frameworks */ = {isa = PBXBuildFile; fileRef = 1D30AB110D05D00D00671497 /* Foundation.framework */; };
		1DF5F4E00D08C38300B7A737 /* UIKit.framework in Frameworks */ = {isa = PBXBuildFile; fileRef = 1DF5F4DF0D08C38300B7A737 /* UIKit.framework */; };
		288765A50DF7441C002DB57D /* CoreGraphics.framework in Frameworks */ = {isa = PBXBuildFile; fileRef = 288765A40DF7441C002DB57D /* CoreGraphics.framework */; };
		3EACC98F19EE6D4300EB3C5E /* res in Resources */ = {isa = PBXBuildFile; fileRef = 3EACC98E19EE6D4300EB3C5E /* res */; };
		3EACC99019EE6D4300EB3C5E /* res in Resources */ = {isa = PBXBuildFile; fileRef = 3EACC98E19EE6D4300EB3C5E /* res */; };
		46880B7B19C43A67006E1F66 /* CloseNormal.png in Resources */ = {isa = PBXBuildFile; fileRef = 46880B7619C43A67006E1F66 /* CloseNormal.png */; };
		46880B7C19C43A67006E1F66 /* CloseNormal.png in Resources */ = {isa = PBXBuildFile; fileRef = 46880B7619C43A67006E1F66 /* CloseNormal.png */; };
		46880B7D19C43A67006E1F66 /* CloseSelected.png in Resources */ = {isa = PBXBuildFile; fileRef = 46880B7719C43A67006E1F66 /* CloseSelected.png */; };
		46880B7E19C43A67006E1F66 /* CloseSelected.png in Resources */ = {isa = PBXBuildFile; fileRef = 46880B7719C43A67006E1F66 /* CloseSelected.png */; };
		46880B8119C43A67006E1F66 /* HelloWorld.png in Resources */ = {isa = PBXBuildFile; fileRef = 46880B7A19C43A67006E1F66 /* HelloWorld.png */; };
		46880B8219C43A67006E1F66 /* HelloWorld.png in Resources */ = {isa = PBXBuildFile; fileRef = 46880B7A19C43A67006E1F66 /* HelloWorld.png */; };
		46880B8819C43A87006E1F66 /* AppDelegate.cpp in Sources */ = {isa = PBXBuildFile; fileRef = 46880B8419C43A87006E1F66 /* AppDelegate.cpp */; };
		46880B8919C43A87006E1F66 /* AppDelegate.cpp in Sources */ = {isa = PBXBuildFile; fileRef = 46880B8419C43A87006E1F66 /* AppDelegate.cpp */; };
		503AE0F817EB97AB00D1A890 /* Icon.icns in Resources */ = {isa = PBXBuildFile; fileRef = 503AE0F617EB97AB00D1A890 /* Icon.icns */; };
		503AE10017EB989F00D1A890 /* AppController.mm in Sources */ = {isa = PBXBuildFile; fileRef = 503AE0FB17EB989F00D1A890 /* AppController.mm */; };
		503AE10117EB989F00D1A890 /* main.m in Sources */ = {isa = PBXBuildFile; fileRef = 503AE0FC17EB989F00D1A890 /* main.m */; };
		503AE10217EB989F00D1A890 /* RootViewController.mm in Sources */ = {isa = PBXBuildFile; fileRef = 503AE0FF17EB989F00D1A890 /* RootViewController.mm */; };
		503AE10517EB98FF00D1A890 /* main.cpp in Sources */ = {isa = PBXBuildFile; fileRef = 503AE10317EB98FF00D1A890 /* main.cpp */; };
		503AE11B17EB9C5A00D1A890 /* IOKit.framework in Frameworks */ = {isa = PBXBuildFile; fileRef = 503AE11A17EB9C5A00D1A890 /* IOKit.framework */; };
		5087E76317EB910900C73F5D /* Foundation.framework in Frameworks */ = {isa = PBXBuildFile; fileRef = 1D30AB110D05D00D00671497 /* Foundation.framework */; };
		5087E76717EB910900C73F5D /* libz.dylib in Frameworks */ = {isa = PBXBuildFile; fileRef = BF170DB412928DE900B8313A /* libz.dylib */; };
		5087E76817EB910900C73F5D /* QuartzCore.framework in Frameworks */ = {isa = PBXBuildFile; fileRef = BF1C47EA1293683800B63C5D /* QuartzCore.framework */; };
		5087E76917EB910900C73F5D /* OpenAL.framework in Frameworks */ = {isa = PBXBuildFile; fileRef = D44C620B132DFF330009C878 /* OpenAL.framework */; };
		5087E76A17EB910900C73F5D /* AVFoundation.framework in Frameworks */ = {isa = PBXBuildFile; fileRef = D44C620D132DFF430009C878 /* AVFoundation.framework */; };
		5087E76B17EB910900C73F5D /* AudioToolbox.framework in Frameworks */ = {isa = PBXBuildFile; fileRef = D44C620F132DFF4E0009C878 /* AudioToolbox.framework */; };
		5087E77D17EB970100C73F5D /* Default-568h@2x.png in Resources */ = {isa = PBXBuildFile; fileRef = 5087E77217EB970100C73F5D /* Default-568h@2x.png */; };
		5087E77E17EB970100C73F5D /* Default.png in Resources */ = {isa = PBXBuildFile; fileRef = 5087E77317EB970100C73F5D /* Default.png */; };
		5087E77F17EB970100C73F5D /* Default@2x.png in Resources */ = {isa = PBXBuildFile; fileRef = 5087E77417EB970100C73F5D /* Default@2x.png */; };
		5087E78017EB970100C73F5D /* Icon-114.png in Resources */ = {isa = PBXBuildFile; fileRef = 5087E77517EB970100C73F5D /* Icon-114.png */; };
		5087E78117EB970100C73F5D /* Icon-120.png in Resources */ = {isa = PBXBuildFile; fileRef = 5087E77617EB970100C73F5D /* Icon-120.png */; };
		5087E78217EB970100C73F5D /* Icon-144.png in Resources */ = {isa = PBXBuildFile; fileRef = 5087E77717EB970100C73F5D /* Icon-144.png */; };
		5087E78317EB970100C73F5D /* Icon-152.png in Resources */ = {isa = PBXBuildFile; fileRef = 5087E77817EB970100C73F5D /* Icon-152.png */; };
		5087E78417EB970100C73F5D /* Icon-57.png in Resources */ = {isa = PBXBuildFile; fileRef = 5087E77917EB970100C73F5D /* Icon-57.png */; };
		5087E78517EB970100C73F5D /* Icon-72.png in Resources */ = {isa = PBXBuildFile; fileRef = 5087E77A17EB970100C73F5D /* Icon-72.png */; };
		5087E78617EB970100C73F5D /* Icon-76.png in Resources */ = {isa = PBXBuildFile; fileRef = 5087E77B17EB970100C73F5D /* Icon-76.png */; };
		5087E78917EB974C00C73F5D /* AppKit.framework in Frameworks */ = {isa = PBXBuildFile; fileRef = 5087E78817EB974C00C73F5D /* AppKit.framework */; };
		5087E78B17EB975400C73F5D /* OpenGL.framework in Frameworks */ = {isa = PBXBuildFile; fileRef = 5087E78A17EB975400C73F5D /* OpenGL.framework */; };
		50EF629617ECD46A001EB2F8 /* Icon-40.png in Resources */ = {isa = PBXBuildFile; fileRef = 50EF629217ECD46A001EB2F8 /* Icon-40.png */; };
		50EF629717ECD46A001EB2F8 /* Icon-58.png in Resources */ = {isa = PBXBuildFile; fileRef = 50EF629317ECD46A001EB2F8 /* Icon-58.png */; };
		50EF629817ECD46A001EB2F8 /* Icon-80.png in Resources */ = {isa = PBXBuildFile; fileRef = 50EF629417ECD46A001EB2F8 /* Icon-80.png */; };
		50EF629917ECD46A001EB2F8 /* Icon-100.png in Resources */ = {isa = PBXBuildFile; fileRef = 50EF629517ECD46A001EB2F8 /* Icon-100.png */; };
		50EF62A217ECD613001EB2F8 /* Icon-29.png in Resources */ = {isa = PBXBuildFile; fileRef = 50EF62A017ECD613001EB2F8 /* Icon-29.png */; };
		50EF62A317ECD613001EB2F8 /* Icon-50.png in Resources */ = {isa = PBXBuildFile; fileRef = 50EF62A117ECD613001EB2F8 /* Icon-50.png */; };
		521A8E6419F0C34300D177D7 /* Default-667h@2x.png in Resources */ = {isa = PBXBuildFile; fileRef = 521A8E6219F0C34300D177D7 /* Default-667h@2x.png */; };
		521A8E6519F0C34300D177D7 /* Default-736h@3x.png in Resources */ = {isa = PBXBuildFile; fileRef = 521A8E6319F0C34300D177D7 /* Default-736h@3x.png */; };
		521A8EA919F11F5000D177D7 /* fonts in Resources */ = {isa = PBXBuildFile; fileRef = 521A8EA819F11F5000D177D7 /* fonts */; };
		521A8EAA19F11F5000D177D7 /* fonts in Resources */ = {isa = PBXBuildFile; fileRef = 521A8EA819F11F5000D177D7 /* fonts */; };
		52B47A471A53D09C004E4C60 /* Security.framework in Frameworks */ = {isa = PBXBuildFile; fileRef = 52B47A461A53D09B004E4C60 /* Security.framework */; };
		8262943E1AAF051F00CB7CF7 /* Security.framework in Frameworks */ = {isa = PBXBuildFile; fileRef = 8262943D1AAF051F00CB7CF7 /* Security.framework */; };
		B506AEB21BEF5EC500021FC7 /* ShieldBeat.cpp in Sources */ = {isa = PBXBuildFile; fileRef = B506AEB01BEF5EC500021FC7 /* ShieldBeat.cpp */; };
		B506AEB61BEF686A00021FC7 /* BattleState.cpp in Sources */ = {isa = PBXBuildFile; fileRef = B506AEB41BEF686A00021FC7 /* BattleState.cpp */; };
		B506AEB91BEF6E2400021FC7 /* StoryInfo.cpp in Sources */ = {isa = PBXBuildFile; fileRef = B506AEB71BEF6E2400021FC7 /* StoryInfo.cpp */; };
		B506AEBC1BEF742600021FC7 /* ProgressInfo.cpp in Sources */ = {isa = PBXBuildFile; fileRef = B506AEBA1BEF742600021FC7 /* ProgressInfo.cpp */; };
		B50A36F91BE7C0030007B7CA /* PixelDataCache.cpp in Sources */ = {isa = PBXBuildFile; fileRef = B50A36F71BE7C0030007B7CA /* PixelDataCache.cpp */; };
		B50A36FB1BE7C5480007B7CA /* beats in Resources */ = {isa = PBXBuildFile; fileRef = B50A36FA1BE7C5480007B7CA /* beats */; };
		B50A36FF1BE7DB870007B7CA /* PlanePixelNode.cpp in Sources */ = {isa = PBXBuildFile; fileRef = B50A36FD1BE7DB870007B7CA /* PlanePixelNode.cpp */; };
		B511952B1C14876600E94259 /* FlyingCrow.cpp in Sources */ = {isa = PBXBuildFile; fileRef = B51195291C14876600E94259 /* FlyingCrow.cpp */; };
		B511952E1C14B0B600E94259 /* FlyingCrowManage.cpp in Sources */ = {isa = PBXBuildFile; fileRef = B511952C1C14B0B600E94259 /* FlyingCrowManage.cpp */; };
		B51195331C15B56A00E94259 /* GlobalArrowEffectManage.cpp in Sources */ = {isa = PBXBuildFile; fileRef = B51195311C15B56A00E94259 /* GlobalArrowEffectManage.cpp */; };
		B539D28F1BE7620E0096FF04 /* PixelNode.cpp in Sources */ = {isa = PBXBuildFile; fileRef = B539D28D1BE7620E0096FF04 /* PixelNode.cpp */; };
		B53B8CB31BEFA1BC006F5432 /* WelcoScene.cpp in Sources */ = {isa = PBXBuildFile; fileRef = B53B8CB11BEFA1BC006F5432 /* WelcoScene.cpp */; };
		B53B8CB81BF09DF8006F5432 /* LoadingScene.cpp in Sources */ = {isa = PBXBuildFile; fileRef = B53B8CB61BF09DF8006F5432 /* LoadingScene.cpp */; };
		B54186171C0C43350049A3FF /* HuntingMonster.cpp in Sources */ = {isa = PBXBuildFile; fileRef = B54186151C0C43350049A3FF /* HuntingMonster.cpp */; };
		B5594DC11BEBCBE7007BDD87 /* PixelTextNode.cpp in Sources */ = {isa = PBXBuildFile; fileRef = B5594DBF1BEBCBE7007BDD87 /* PixelTextNode.cpp */; };
		B56EF9BD1C0DE8AA00FD7BBE /* Box2dTestScene.cpp in Sources */ = {isa = PBXBuildFile; fileRef = B56EF9BB1C0DE8AA00FD7BBE /* Box2dTestScene.cpp */; };
		B56EF9C01C0E0D7F00FD7BBE /* HuntingMonsterManage.cpp in Sources */ = {isa = PBXBuildFile; fileRef = B56EF9BE1C0E0D7F00FD7BBE /* HuntingMonsterManage.cpp */; };
		B57D70A51BE89A7A00A3036F /* QuestCameraManage.cpp in Sources */ = {isa = PBXBuildFile; fileRef = B57D70A31BE89A7A00A3036F /* QuestCameraManage.cpp */; };
		B58066DD1BF8C5FF002A1DC1 /* hunting in Resources */ = {isa = PBXBuildFile; fileRef = B58066DC1BF8C5FF002A1DC1 /* hunting */; };
		B581F9D01BFE3A6900F9BDDB /* TopIcons.cpp in Sources */ = {isa = PBXBuildFile; fileRef = B581F9CE1BFE3A6900F9BDDB /* TopIcons.cpp */; };
		B581F9D21BFE46A600F9BDDB /* hunters in Resources */ = {isa = PBXBuildFile; fileRef = B581F9D11BFE46A600F9BDDB /* hunters */; };
		B581F9D61BFF0D4700F9BDDB /* EnergyBar.cpp in Sources */ = {isa = PBXBuildFile; fileRef = B581F9D41BFF0D4700F9BDDB /* EnergyBar.cpp */; };
		B582F28F1C10EE3800BEAEDD /* FloatingLaser.cpp in Sources */ = {isa = PBXBuildFile; fileRef = B582F28D1C10EE3800BEAEDD /* FloatingLaser.cpp */; };
		B582F2921C11087500BEAEDD /* FloatingLaserManage.cpp in Sources */ = {isa = PBXBuildFile; fileRef = B582F2901C11087500BEAEDD /* FloatingLaserManage.cpp */; };
		B58AE4301C030FD6005F9E85 /* DynamicPixelNode.cpp in Sources */ = {isa = PBXBuildFile; fileRef = B58AE42E1C030FD6005F9E85 /* DynamicPixelNode.cpp */; };
		B58DDCAB1BE8D70600B54804 /* HeroGraphicNode.cpp in Sources */ = {isa = PBXBuildFile; fileRef = B58DDCA91BE8D70600B54804 /* HeroGraphicNode.cpp */; };
		B58DDCAE1BE8F82400B54804 /* HeroGraphicUnitAnimationDef.cpp in Sources */ = {isa = PBXBuildFile; fileRef = B58DDCAC1BE8F82400B54804 /* HeroGraphicUnitAnimationDef.cpp */; };
		B58DDCB11BE91B1500B54804 /* BattleRoles.cpp in Sources */ = {isa = PBXBuildFile; fileRef = B58DDCAF1BE91B1500B54804 /* BattleRoles.cpp */; };
		B58DDCB31BE91F7D00B54804 /* sopx in Resources */ = {isa = PBXBuildFile; fileRef = B58DDCB21BE91F7D00B54804 /* sopx */; };
		B58DDCB61BE9361100B54804 /* RivalGraphicNode.cpp in Sources */ = {isa = PBXBuildFile; fileRef = B58DDCB41BE9361100B54804 /* RivalGraphicNode.cpp */; };
		B58DDCB91BE9368700B54804 /* RivalGraphicAnimationDef.cpp in Sources */ = {isa = PBXBuildFile; fileRef = B58DDCB71BE9368700B54804 /* RivalGraphicAnimationDef.cpp */; };
		B58DDCBE1BEB331C00B54804 /* BloodBar.cpp in Sources */ = {isa = PBXBuildFile; fileRef = B58DDCBC1BEB331C00B54804 /* BloodBar.cpp */; };
		B5944E9E1BF1101C00028078 /* HealthBeat.cpp in Sources */ = {isa = PBXBuildFile; fileRef = B5944E9C1BF1101C00028078 /* HealthBeat.cpp */; };
		B5944EA11BF11EB700028078 /* LongBeat.cpp in Sources */ = {isa = PBXBuildFile; fileRef = B5944E9F1BF11EB700028078 /* LongBeat.cpp */; };
		B5944EA41BF12A1600028078 /* CopyBeat.cpp in Sources */ = {isa = PBXBuildFile; fileRef = B5944EA21BF12A1600028078 /* CopyBeat.cpp */; };
		B599C0F21C01C88A0012205A /* WindBar.cpp in Sources */ = {isa = PBXBuildFile; fileRef = B599C0F01C01C88A0012205A /* WindBar.cpp */; };
		B599C0F71C020C840012205A /* PowerBar.cpp in Sources */ = {isa = PBXBuildFile; fileRef = B599C0F51C020C840012205A /* PowerBar.cpp */; };
		B59E7ECC1C04A7AE005FA50D /* HuntingHero.cpp in Sources */ = {isa = PBXBuildFile; fileRef = B59E7ECA1C04A7AE005FA50D /* HuntingHero.cpp */; };
		B59E7ECF1C05AB06005FA50D /* HuntingHeroMetaSuitManage.cpp in Sources */ = {isa = PBXBuildFile; fileRef = B59E7ECD1C05AB06005FA50D /* HuntingHeroMetaSuitManage.cpp */; };
		B59E7ED31C064B72005FA50D /* HuntingHerosManage.cpp in Sources */ = {isa = PBXBuildFile; fileRef = B59E7ED11C064B72005FA50D /* HuntingHerosManage.cpp */; };
		B59E7ED61C064D6A005FA50D /* MoneyManager.cpp in Sources */ = {isa = PBXBuildFile; fileRef = B59E7ED41C064D6A005FA50D /* MoneyManager.cpp */; };
		B59E7EDA1C074944005FA50D /* HeroHeadAndUpgrade.cpp in Sources */ = {isa = PBXBuildFile; fileRef = B59E7ED81C074944005FA50D /* HeroHeadAndUpgrade.cpp */; };
		B59E7EDE1C0768C9005FA50D /* MoneyCostDef.cpp in Sources */ = {isa = PBXBuildFile; fileRef = B59E7EDC1C0768C9005FA50D /* MoneyCostDef.cpp */; };
		B5AE97321C0D950900C497FB /* HuntingArrowManage.cpp in Sources */ = {isa = PBXBuildFile; fileRef = B5AE97301C0D950900C497FB /* HuntingArrowManage.cpp */; };
		B5B7486C1C10A484009D546D /* ACSoundManage.cpp in Sources */ = {isa = PBXBuildFile; fileRef = B5B7486A1C10A484009D546D /* ACSoundManage.cpp */; };
		B5B7486F1C10AAA8009D546D /* Msg.cpp in Sources */ = {isa = PBXBuildFile; fileRef = B5B7486D1C10AAA8009D546D /* Msg.cpp */; };
		B5BD194E1BE645990052ACDD /* BeatDef.cpp in Sources */ = {isa = PBXBuildFile; fileRef = B5BD19311BE645990052ACDD /* BeatDef.cpp */; };
		B5BD194F1BE645990052ACDD /* BeatQuestScene.cpp in Sources */ = {isa = PBXBuildFile; fileRef = B5BD19331BE645990052ACDD /* BeatQuestScene.cpp */; };
		B5BD19501BE645990052ACDD /* format.cpp in Sources */ = {isa = PBXBuildFile; fileRef = B5BD19351BE645990052ACDD /* format.cpp */; };
		B5BD19511BE645990052ACDD /* intersection.cpp in Sources */ = {isa = PBXBuildFile; fileRef = B5BD19371BE645990052ACDD /* intersection.cpp */; };
		B5BD19521BE645990052ACDD /* McdLayer.cpp in Sources */ = {isa = PBXBuildFile; fileRef = B5BD19391BE645990052ACDD /* McdLayer.cpp */; };
		B5BD19531BE645990052ACDD /* ScatPixelDef.cpp in Sources */ = {isa = PBXBuildFile; fileRef = B5BD193B1BE645990052ACDD /* ScatPixelDef.cpp */; };
		B5BD19541BE645990052ACDD /* ScatPixelScene.cpp in Sources */ = {isa = PBXBuildFile; fileRef = B5BD193D1BE645990052ACDD /* ScatPixelScene.cpp */; };
		B5BD19551BE645990052ACDD /* SOCommon.cpp in Sources */ = {isa = PBXBuildFile; fileRef = B5BD193F1BE645990052ACDD /* SOCommon.cpp */; };
		B5BD19561BE645990052ACDD /* StealthTestScene.cpp in Sources */ = {isa = PBXBuildFile; fileRef = B5BD19411BE645990052ACDD /* StealthTestScene.cpp */; };
		B5BD19571BE645990052ACDD /* TestGuideScene.cpp in Sources */ = {isa = PBXBuildFile; fileRef = B5BD19431BE645990052ACDD /* TestGuideScene.cpp */; };
		B5BD19581BE645990052ACDD /* TRBaseScene.cpp in Sources */ = {isa = PBXBuildFile; fileRef = B5BD19451BE645990052ACDD /* TRBaseScene.cpp */; };
		B5BD19591BE645990052ACDD /* TripleDef.cpp in Sources */ = {isa = PBXBuildFile; fileRef = B5BD19471BE645990052ACDD /* TripleDef.cpp */; };
		B5BD195A1BE645990052ACDD /* TripleQuestScene.cpp in Sources */ = {isa = PBXBuildFile; fileRef = B5BD19491BE645990052ACDD /* TripleQuestScene.cpp */; };
		B5BD195B1BE645990052ACDD /* TRLocale.cpp in Sources */ = {isa = PBXBuildFile; fileRef = B5BD194B1BE645990052ACDD /* TRLocale.cpp */; };
		B5BD19631BE645CC0052ACDD /* 3d in Resources */ = {isa = PBXBuildFile; fileRef = B5BD195E1BE645CC0052ACDD /* 3d */; };
		B5BD19651BE645CC0052ACDD /* images in Resources */ = {isa = PBXBuildFile; fileRef = B5BD19601BE645CC0052ACDD /* images */; };
		B5BD19671BE645CC0052ACDD /* sounds in Resources */ = {isa = PBXBuildFile; fileRef = B5BD19621BE645CC0052ACDD /* sounds */; };
		B5BD196A1BE6468F0052ACDD /* SImplePixelNode.cpp in Sources */ = {isa = PBXBuildFile; fileRef = B5BD19681BE6468F0052ACDD /* SImplePixelNode.cpp */; };
		B5BD196E1BE64F5A0052ACDD /* QuestScene.cpp in Sources */ = {isa = PBXBuildFile; fileRef = B5BD196C1BE64F5A0052ACDD /* QuestScene.cpp */; };
		B5BD19711BE652910052ACDD /* QuestDef.cpp in Sources */ = {isa = PBXBuildFile; fileRef = B5BD196F1BE652910052ACDD /* QuestDef.cpp */; };
		B5BD19741BE6540E0052ACDD /* QuestProtocals.cpp in Sources */ = {isa = PBXBuildFile; fileRef = B5BD19721BE6540E0052ACDD /* QuestProtocals.cpp */; };
		B5BD19771BE658230052ACDD /* BattleRoad.cpp in Sources */ = {isa = PBXBuildFile; fileRef = B5BD19751BE658230052ACDD /* BattleRoad.cpp */; };
		B5BD19811BE65C640052ACDD /* RoadPlane.cpp in Sources */ = {isa = PBXBuildFile; fileRef = B5BD197F1BE65C640052ACDD /* RoadPlane.cpp */; };
		B5BD19831BE669C40052ACDD /* battle_road in Resources */ = {isa = PBXBuildFile; fileRef = B5BD19821BE669C40052ACDD /* battle_road */; };
		B5D44E431BF1CC0F0082C360 /* LaserBeat.cpp in Sources */ = {isa = PBXBuildFile; fileRef = B5D44E411BF1CC0F0082C360 /* LaserBeat.cpp */; };
		B5FFA66D1BECFB7000511FBD /* SingleBeat.cpp in Sources */ = {isa = PBXBuildFile; fileRef = B5FFA66B1BECFB7000511FBD /* SingleBeat.cpp */; };
		B5FFA6711BED166200511FBD /* BeatField.cpp in Sources */ = {isa = PBXBuildFile; fileRef = B5FFA66F1BED166200511FBD /* BeatField.cpp */; };
		BF171245129291EC00B8313A /* OpenGLES.framework in Frameworks */ = {isa = PBXBuildFile; fileRef = BF170DB012928DE900B8313A /* OpenGLES.framework */; };
		BF1712471292920000B8313A /* libz.dylib in Frameworks */ = {isa = PBXBuildFile; fileRef = BF170DB412928DE900B8313A /* libz.dylib */; };
		BF1C47F01293687400B63C5D /* QuartzCore.framework in Frameworks */ = {isa = PBXBuildFile; fileRef = BF1C47EA1293683800B63C5D /* QuartzCore.framework */; };
		D44C620C132DFF330009C878 /* OpenAL.framework in Frameworks */ = {isa = PBXBuildFile; fileRef = D44C620B132DFF330009C878 /* OpenAL.framework */; };
		D44C620E132DFF430009C878 /* AVFoundation.framework in Frameworks */ = {isa = PBXBuildFile; fileRef = D44C620D132DFF430009C878 /* AVFoundation.framework */; };
		D44C6210132DFF4E0009C878 /* AudioToolbox.framework in Frameworks */ = {isa = PBXBuildFile; fileRef = D44C620F132DFF4E0009C878 /* AudioToolbox.framework */; };
		D6B0611B1803AB670077942B /* CoreMotion.framework in Frameworks */ = {isa = PBXBuildFile; fileRef = D6B0611A1803AB670077942B /* CoreMotion.framework */; };
/* End PBXBuildFile section */

/* Begin PBXContainerItemProxy section */
		1AC6FAF8180E9839004C840B /* PBXContainerItemProxy */ = {
			isa = PBXContainerItemProxy;
			containerPortal = 1AC6FAE5180E9839004C840B /* cocos2d_libs.xcodeproj */;
			proxyType = 2;
			remoteGlobalIDString = 1551A33F158F2AB200E66CFE;
			remoteInfo = "cocos2dx Mac";
		};
		1AC6FB06180E9839004C840B /* PBXContainerItemProxy */ = {
			isa = PBXContainerItemProxy;
			containerPortal = 1AC6FAE5180E9839004C840B /* cocos2d_libs.xcodeproj */;
			proxyType = 2;
			remoteGlobalIDString = A07A4D641783777C0073F6A7;
			remoteInfo = "cocos2dx iOS";
		};
		1AC6FB15180E9959004C840B /* PBXContainerItemProxy */ = {
			isa = PBXContainerItemProxy;
			containerPortal = 1AC6FAE5180E9839004C840B /* cocos2d_libs.xcodeproj */;
			proxyType = 1;
			remoteGlobalIDString = 1551A33E158F2AB200E66CFE;
			remoteInfo = "cocos2dx Mac";
		};
		1AC6FB24180E99E1004C840B /* PBXContainerItemProxy */ = {
			isa = PBXContainerItemProxy;
			containerPortal = 1AC6FAE5180E9839004C840B /* cocos2d_libs.xcodeproj */;
			proxyType = 1;
			remoteGlobalIDString = A07A4C241783777C0073F6A7;
			remoteInfo = "cocos2dx iOS";
		};
/* End PBXContainerItemProxy section */

/* Begin PBXFileReference section */
		1AC6FAE5180E9839004C840B /* cocos2d_libs.xcodeproj */ = {isa = PBXFileReference; lastKnownFileType = "wrapper.pb-project"; name = cocos2d_libs.xcodeproj; path = ../cocos2d/build/cocos2d_libs.xcodeproj; sourceTree = "<group>"; };
		1ACB3243164770DE00914215 /* libcurl.a */ = {isa = PBXFileReference; lastKnownFileType = archive.ar; name = libcurl.a; path = ../../cocos2dx/platform/third_party/ios/libraries/libcurl.a; sourceTree = "<group>"; };
		1D30AB110D05D00D00671497 /* Foundation.framework */ = {isa = PBXFileReference; lastKnownFileType = wrapper.framework; name = Foundation.framework; path = System/Library/Frameworks/Foundation.framework; sourceTree = SDKROOT; };
		1D6058910D05DD3D006BFB54 /* hunters iOS.app */ = {isa = PBXFileReference; explicitFileType = wrapper.application; includeInIndex = 0; path = "hunters iOS.app"; sourceTree = BUILT_PRODUCTS_DIR; };
		1DF5F4DF0D08C38300B7A737 /* UIKit.framework */ = {isa = PBXFileReference; lastKnownFileType = wrapper.framework; name = UIKit.framework; path = System/Library/Frameworks/UIKit.framework; sourceTree = SDKROOT; };
		288765A40DF7441C002DB57D /* CoreGraphics.framework */ = {isa = PBXFileReference; lastKnownFileType = wrapper.framework; name = CoreGraphics.framework; path = System/Library/Frameworks/CoreGraphics.framework; sourceTree = SDKROOT; };
		3EACC98E19EE6D4300EB3C5E /* res */ = {isa = PBXFileReference; lastKnownFileType = folder; path = res; sourceTree = "<group>"; };
		46880B7619C43A67006E1F66 /* CloseNormal.png */ = {isa = PBXFileReference; lastKnownFileType = image.png; path = CloseNormal.png; sourceTree = "<group>"; };
		46880B7719C43A67006E1F66 /* CloseSelected.png */ = {isa = PBXFileReference; lastKnownFileType = image.png; path = CloseSelected.png; sourceTree = "<group>"; };
		46880B7A19C43A67006E1F66 /* HelloWorld.png */ = {isa = PBXFileReference; lastKnownFileType = image.png; path = HelloWorld.png; sourceTree = "<group>"; };
		46880B8419C43A87006E1F66 /* AppDelegate.cpp */ = {isa = PBXFileReference; fileEncoding = 4; lastKnownFileType = sourcecode.cpp.cpp; path = AppDelegate.cpp; sourceTree = "<group>"; };
		46880B8519C43A87006E1F66 /* AppDelegate.h */ = {isa = PBXFileReference; fileEncoding = 4; lastKnownFileType = sourcecode.c.h; path = AppDelegate.h; sourceTree = "<group>"; };
		503AE0F617EB97AB00D1A890 /* Icon.icns */ = {isa = PBXFileReference; lastKnownFileType = image.icns; path = Icon.icns; sourceTree = "<group>"; };
		503AE0F717EB97AB00D1A890 /* Info.plist */ = {isa = PBXFileReference; fileEncoding = 4; lastKnownFileType = text.plist.xml; path = Info.plist; sourceTree = "<group>"; };
		503AE0FA17EB989F00D1A890 /* AppController.h */ = {isa = PBXFileReference; fileEncoding = 4; lastKnownFileType = sourcecode.c.h; name = AppController.h; path = ios/AppController.h; sourceTree = SOURCE_ROOT; };
		503AE0FB17EB989F00D1A890 /* AppController.mm */ = {isa = PBXFileReference; fileEncoding = 4; lastKnownFileType = sourcecode.cpp.objcpp; name = AppController.mm; path = ios/AppController.mm; sourceTree = SOURCE_ROOT; };
		503AE0FC17EB989F00D1A890 /* main.m */ = {isa = PBXFileReference; fileEncoding = 4; lastKnownFileType = sourcecode.c.objc; name = main.m; path = ios/main.m; sourceTree = SOURCE_ROOT; };
		503AE0FD17EB989F00D1A890 /* Prefix.pch */ = {isa = PBXFileReference; fileEncoding = 4; lastKnownFileType = sourcecode.c.h; name = Prefix.pch; path = ios/Prefix.pch; sourceTree = SOURCE_ROOT; };
		503AE0FE17EB989F00D1A890 /* RootViewController.h */ = {isa = PBXFileReference; fileEncoding = 4; lastKnownFileType = sourcecode.c.h; name = RootViewController.h; path = ios/RootViewController.h; sourceTree = SOURCE_ROOT; };
		503AE0FF17EB989F00D1A890 /* RootViewController.mm */ = {isa = PBXFileReference; fileEncoding = 4; lastKnownFileType = sourcecode.cpp.objcpp; name = RootViewController.mm; path = ios/RootViewController.mm; sourceTree = SOURCE_ROOT; };
		503AE10317EB98FF00D1A890 /* main.cpp */ = {isa = PBXFileReference; fileEncoding = 4; lastKnownFileType = sourcecode.cpp.cpp; name = main.cpp; path = mac/main.cpp; sourceTree = "<group>"; };
		503AE10417EB98FF00D1A890 /* Prefix.pch */ = {isa = PBXFileReference; fileEncoding = 4; lastKnownFileType = sourcecode.c.h; name = Prefix.pch; path = mac/Prefix.pch; sourceTree = "<group>"; };
		503AE11117EB99EE00D1A890 /* libcurl.dylib */ = {isa = PBXFileReference; lastKnownFileType = "compiled.mach-o.dylib"; name = libcurl.dylib; path = usr/lib/libcurl.dylib; sourceTree = SDKROOT; };
		503AE11A17EB9C5A00D1A890 /* IOKit.framework */ = {isa = PBXFileReference; lastKnownFileType = wrapper.framework; name = IOKit.framework; path = System/Library/Frameworks/IOKit.framework; sourceTree = SDKROOT; };
		5087E76F17EB910900C73F5D /* hunters iOS.app */ = {isa = PBXFileReference; explicitFileType = wrapper.application; includeInIndex = 0; path = "hunters iOS.app"; sourceTree = BUILT_PRODUCTS_DIR; };
		5087E77217EB970100C73F5D /* Default-568h@2x.png */ = {isa = PBXFileReference; lastKnownFileType = image.png; path = "Default-568h@2x.png"; sourceTree = "<group>"; };
		5087E77317EB970100C73F5D /* Default.png */ = {isa = PBXFileReference; lastKnownFileType = image.png; path = Default.png; sourceTree = "<group>"; };
		5087E77417EB970100C73F5D /* Default@2x.png */ = {isa = PBXFileReference; lastKnownFileType = image.png; path = "Default@2x.png"; sourceTree = "<group>"; };
		5087E77517EB970100C73F5D /* Icon-114.png */ = {isa = PBXFileReference; lastKnownFileType = image.png; path = "Icon-114.png"; sourceTree = "<group>"; };
		5087E77617EB970100C73F5D /* Icon-120.png */ = {isa = PBXFileReference; lastKnownFileType = image.png; path = "Icon-120.png"; sourceTree = "<group>"; };
		5087E77717EB970100C73F5D /* Icon-144.png */ = {isa = PBXFileReference; lastKnownFileType = image.png; path = "Icon-144.png"; sourceTree = "<group>"; };
		5087E77817EB970100C73F5D /* Icon-152.png */ = {isa = PBXFileReference; lastKnownFileType = image.png; path = "Icon-152.png"; sourceTree = "<group>"; };
		5087E77917EB970100C73F5D /* Icon-57.png */ = {isa = PBXFileReference; lastKnownFileType = image.png; path = "Icon-57.png"; sourceTree = "<group>"; };
		5087E77A17EB970100C73F5D /* Icon-72.png */ = {isa = PBXFileReference; lastKnownFileType = image.png; path = "Icon-72.png"; sourceTree = "<group>"; };
		5087E77B17EB970100C73F5D /* Icon-76.png */ = {isa = PBXFileReference; lastKnownFileType = image.png; path = "Icon-76.png"; sourceTree = "<group>"; };
		5087E77C17EB970100C73F5D /* Info.plist */ = {isa = PBXFileReference; fileEncoding = 4; lastKnownFileType = text.plist.xml; path = Info.plist; sourceTree = "<group>"; };
		5087E78817EB974C00C73F5D /* AppKit.framework */ = {isa = PBXFileReference; lastKnownFileType = wrapper.framework; name = AppKit.framework; path = System/Library/Frameworks/AppKit.framework; sourceTree = SDKROOT; };
		5087E78A17EB975400C73F5D /* OpenGL.framework */ = {isa = PBXFileReference; lastKnownFileType = wrapper.framework; name = OpenGL.framework; path = System/Library/Frameworks/OpenGL.framework; sourceTree = SDKROOT; };
		50EF629217ECD46A001EB2F8 /* Icon-40.png */ = {isa = PBXFileReference; lastKnownFileType = image.png; path = "Icon-40.png"; sourceTree = "<group>"; };
		50EF629317ECD46A001EB2F8 /* Icon-58.png */ = {isa = PBXFileReference; lastKnownFileType = image.png; path = "Icon-58.png"; sourceTree = "<group>"; };
		50EF629417ECD46A001EB2F8 /* Icon-80.png */ = {isa = PBXFileReference; lastKnownFileType = image.png; path = "Icon-80.png"; sourceTree = "<group>"; };
		50EF629517ECD46A001EB2F8 /* Icon-100.png */ = {isa = PBXFileReference; lastKnownFileType = image.png; path = "Icon-100.png"; sourceTree = "<group>"; };
		50EF62A017ECD613001EB2F8 /* Icon-29.png */ = {isa = PBXFileReference; lastKnownFileType = image.png; path = "Icon-29.png"; sourceTree = "<group>"; };
		50EF62A117ECD613001EB2F8 /* Icon-50.png */ = {isa = PBXFileReference; lastKnownFileType = image.png; path = "Icon-50.png"; sourceTree = "<group>"; };
		521A8E6219F0C34300D177D7 /* Default-667h@2x.png */ = {isa = PBXFileReference; lastKnownFileType = image.png; path = "Default-667h@2x.png"; sourceTree = "<group>"; };
		521A8E6319F0C34300D177D7 /* Default-736h@3x.png */ = {isa = PBXFileReference; lastKnownFileType = image.png; path = "Default-736h@3x.png"; sourceTree = "<group>"; };
		521A8EA819F11F5000D177D7 /* fonts */ = {isa = PBXFileReference; lastKnownFileType = folder; path = fonts; sourceTree = "<group>"; };
		52B47A461A53D09B004E4C60 /* Security.framework */ = {isa = PBXFileReference; lastKnownFileType = wrapper.framework; name = Security.framework; path = Platforms/iPhoneOS.platform/Developer/SDKs/iPhoneOS8.1.sdk/System/Library/Frameworks/Security.framework; sourceTree = DEVELOPER_DIR; };
		8262943D1AAF051F00CB7CF7 /* Security.framework */ = {isa = PBXFileReference; lastKnownFileType = wrapper.framework; name = Security.framework; path = System/Library/Frameworks/Security.framework; sourceTree = SDKROOT; };
		B506AEB01BEF5EC500021FC7 /* ShieldBeat.cpp */ = {isa = PBXFileReference; fileEncoding = 4; lastKnownFileType = sourcecode.cpp.cpp; path = ShieldBeat.cpp; sourceTree = "<group>"; };
		B506AEB11BEF5EC500021FC7 /* ShieldBeat.hpp */ = {isa = PBXFileReference; fileEncoding = 4; lastKnownFileType = sourcecode.cpp.h; path = ShieldBeat.hpp; sourceTree = "<group>"; };
		B506AEB41BEF686A00021FC7 /* BattleState.cpp */ = {isa = PBXFileReference; fileEncoding = 4; lastKnownFileType = sourcecode.cpp.cpp; path = BattleState.cpp; sourceTree = "<group>"; };
		B506AEB51BEF686A00021FC7 /* BattleState.hpp */ = {isa = PBXFileReference; fileEncoding = 4; lastKnownFileType = sourcecode.cpp.h; path = BattleState.hpp; sourceTree = "<group>"; };
		B506AEB71BEF6E2400021FC7 /* StoryInfo.cpp */ = {isa = PBXFileReference; fileEncoding = 4; lastKnownFileType = sourcecode.cpp.cpp; path = StoryInfo.cpp; sourceTree = "<group>"; };
		B506AEB81BEF6E2400021FC7 /* StoryInfo.hpp */ = {isa = PBXFileReference; fileEncoding = 4; lastKnownFileType = sourcecode.cpp.h; path = StoryInfo.hpp; sourceTree = "<group>"; };
		B506AEBA1BEF742600021FC7 /* ProgressInfo.cpp */ = {isa = PBXFileReference; fileEncoding = 4; lastKnownFileType = sourcecode.cpp.cpp; path = ProgressInfo.cpp; sourceTree = "<group>"; };
		B506AEBB1BEF742600021FC7 /* ProgressInfo.hpp */ = {isa = PBXFileReference; fileEncoding = 4; lastKnownFileType = sourcecode.cpp.h; path = ProgressInfo.hpp; sourceTree = "<group>"; };
		B50A36F71BE7C0030007B7CA /* PixelDataCache.cpp */ = {isa = PBXFileReference; fileEncoding = 4; lastKnownFileType = sourcecode.cpp.cpp; path = PixelDataCache.cpp; sourceTree = "<group>"; };
		B50A36F81BE7C0030007B7CA /* PixelDataCache.hpp */ = {isa = PBXFileReference; fileEncoding = 4; lastKnownFileType = sourcecode.cpp.h; path = PixelDataCache.hpp; sourceTree = "<group>"; };
		B50A36FA1BE7C5480007B7CA /* beats */ = {isa = PBXFileReference; lastKnownFileType = folder; path = beats; sourceTree = "<group>"; };
		B50A36FD1BE7DB870007B7CA /* PlanePixelNode.cpp */ = {isa = PBXFileReference; fileEncoding = 4; lastKnownFileType = sourcecode.cpp.cpp; path = PlanePixelNode.cpp; sourceTree = "<group>"; };
		B50A36FE1BE7DB870007B7CA /* PlanePixelNode.h */ = {isa = PBXFileReference; fileEncoding = 4; lastKnownFileType = sourcecode.c.h; path = PlanePixelNode.h; sourceTree = "<group>"; };
		B51195291C14876600E94259 /* FlyingCrow.cpp */ = {isa = PBXFileReference; fileEncoding = 4; lastKnownFileType = sourcecode.cpp.cpp; path = FlyingCrow.cpp; sourceTree = "<group>"; };
		B511952A1C14876600E94259 /* FlyingCrow.hpp */ = {isa = PBXFileReference; fileEncoding = 4; lastKnownFileType = sourcecode.cpp.h; path = FlyingCrow.hpp; sourceTree = "<group>"; };
		B511952C1C14B0B600E94259 /* FlyingCrowManage.cpp */ = {isa = PBXFileReference; fileEncoding = 4; lastKnownFileType = sourcecode.cpp.cpp; path = FlyingCrowManage.cpp; sourceTree = "<group>"; };
		B511952D1C14B0B600E94259 /* FlyingCrowManage.hpp */ = {isa = PBXFileReference; fileEncoding = 4; lastKnownFileType = sourcecode.cpp.h; path = FlyingCrowManage.hpp; sourceTree = "<group>"; };
		B51195311C15B56A00E94259 /* GlobalArrowEffectManage.cpp */ = {isa = PBXFileReference; fileEncoding = 4; lastKnownFileType = sourcecode.cpp.cpp; path = GlobalArrowEffectManage.cpp; sourceTree = "<group>"; };
		B51195321C15B56A00E94259 /* GlobalArrowEffectManage.hpp */ = {isa = PBXFileReference; fileEncoding = 4; lastKnownFileType = sourcecode.cpp.h; path = GlobalArrowEffectManage.hpp; sourceTree = "<group>"; };
		B539D28D1BE7620E0096FF04 /* PixelNode.cpp */ = {isa = PBXFileReference; fileEncoding = 4; lastKnownFileType = sourcecode.cpp.cpp; path = PixelNode.cpp; sourceTree = "<group>"; };
		B539D28E1BE7620E0096FF04 /* PixelNode.h */ = {isa = PBXFileReference; fileEncoding = 4; lastKnownFileType = sourcecode.c.h; path = PixelNode.h; sourceTree = "<group>"; };
		B53B8CB11BEFA1BC006F5432 /* WelcoScene.cpp */ = {isa = PBXFileReference; fileEncoding = 4; lastKnownFileType = sourcecode.cpp.cpp; path = WelcoScene.cpp; sourceTree = "<group>"; };
		B53B8CB21BEFA1BC006F5432 /* WelcoScene.h */ = {isa = PBXFileReference; fileEncoding = 4; lastKnownFileType = sourcecode.c.h; path = WelcoScene.h; sourceTree = "<group>"; };
		B53B8CB61BF09DF8006F5432 /* LoadingScene.cpp */ = {isa = PBXFileReference; fileEncoding = 4; lastKnownFileType = sourcecode.cpp.cpp; path = LoadingScene.cpp; sourceTree = "<group>"; };
		B53B8CB71BF09DF8006F5432 /* LoadingScene.hpp */ = {isa = PBXFileReference; fileEncoding = 4; lastKnownFileType = sourcecode.cpp.h; path = LoadingScene.hpp; sourceTree = "<group>"; };
		B54186151C0C43350049A3FF /* HuntingMonster.cpp */ = {isa = PBXFileReference; fileEncoding = 4; lastKnownFileType = sourcecode.cpp.cpp; path = HuntingMonster.cpp; sourceTree = "<group>"; };
		B54186161C0C43350049A3FF /* HuntingMonster.hpp */ = {isa = PBXFileReference; fileEncoding = 4; lastKnownFileType = sourcecode.cpp.h; path = HuntingMonster.hpp; sourceTree = "<group>"; };
		B5594DBF1BEBCBE7007BDD87 /* PixelTextNode.cpp */ = {isa = PBXFileReference; fileEncoding = 4; lastKnownFileType = sourcecode.cpp.cpp; path = PixelTextNode.cpp; sourceTree = "<group>"; };
		B5594DC01BEBCBE7007BDD87 /* PixelTextNode.hpp */ = {isa = PBXFileReference; fileEncoding = 4; lastKnownFileType = sourcecode.cpp.h; path = PixelTextNode.hpp; sourceTree = "<group>"; };
		B56EF9BB1C0DE8AA00FD7BBE /* Box2dTestScene.cpp */ = {isa = PBXFileReference; fileEncoding = 4; lastKnownFileType = sourcecode.cpp.cpp; path = Box2dTestScene.cpp; sourceTree = "<group>"; };
		B56EF9BC1C0DE8AA00FD7BBE /* Box2dTestScene.hpp */ = {isa = PBXFileReference; fileEncoding = 4; lastKnownFileType = sourcecode.cpp.h; path = Box2dTestScene.hpp; sourceTree = "<group>"; };
		B56EF9BE1C0E0D7F00FD7BBE /* HuntingMonsterManage.cpp */ = {isa = PBXFileReference; fileEncoding = 4; lastKnownFileType = sourcecode.cpp.cpp; path = HuntingMonsterManage.cpp; sourceTree = "<group>"; };
		B56EF9BF1C0E0D7F00FD7BBE /* HuntingMonsterManage.hpp */ = {isa = PBXFileReference; fileEncoding = 4; lastKnownFileType = sourcecode.cpp.h; path = HuntingMonsterManage.hpp; sourceTree = "<group>"; };
		B57D70A31BE89A7A00A3036F /* QuestCameraManage.cpp */ = {isa = PBXFileReference; fileEncoding = 4; lastKnownFileType = sourcecode.cpp.cpp; path = QuestCameraManage.cpp; sourceTree = "<group>"; };
		B57D70A41BE89A7A00A3036F /* QuestCameraManage.hpp */ = {isa = PBXFileReference; fileEncoding = 4; lastKnownFileType = sourcecode.cpp.h; path = QuestCameraManage.hpp; sourceTree = "<group>"; };
		B58066DC1BF8C5FF002A1DC1 /* hunting */ = {isa = PBXFileReference; lastKnownFileType = folder; path = hunting; sourceTree = "<group>"; };
		B581F9CE1BFE3A6900F9BDDB /* TopIcons.cpp */ = {isa = PBXFileReference; fileEncoding = 4; lastKnownFileType = sourcecode.cpp.cpp; path = TopIcons.cpp; sourceTree = "<group>"; };
		B581F9CF1BFE3A6900F9BDDB /* TopIcons.hpp */ = {isa = PBXFileReference; fileEncoding = 4; lastKnownFileType = sourcecode.cpp.h; path = TopIcons.hpp; sourceTree = "<group>"; };
		B581F9D11BFE46A600F9BDDB /* hunters */ = {isa = PBXFileReference; lastKnownFileType = folder; path = hunters; sourceTree = "<group>"; };
		B581F9D41BFF0D4700F9BDDB /* EnergyBar.cpp */ = {isa = PBXFileReference; fileEncoding = 4; lastKnownFileType = sourcecode.cpp.cpp; path = EnergyBar.cpp; sourceTree = "<group>"; };
		B581F9D51BFF0D4700F9BDDB /* EnergyBar.hpp */ = {isa = PBXFileReference; fileEncoding = 4; lastKnownFileType = sourcecode.cpp.h; path = EnergyBar.hpp; sourceTree = "<group>"; };
		B582F28D1C10EE3800BEAEDD /* FloatingLaser.cpp */ = {isa = PBXFileReference; fileEncoding = 4; lastKnownFileType = sourcecode.cpp.cpp; path = FloatingLaser.cpp; sourceTree = "<group>"; };
		B582F28E1C10EE3800BEAEDD /* FloatingLaser.hpp */ = {isa = PBXFileReference; fileEncoding = 4; lastKnownFileType = sourcecode.cpp.h; path = FloatingLaser.hpp; sourceTree = "<group>"; };
		B582F2901C11087500BEAEDD /* FloatingLaserManage.cpp */ = {isa = PBXFileReference; fileEncoding = 4; lastKnownFileType = sourcecode.cpp.cpp; path = FloatingLaserManage.cpp; sourceTree = "<group>"; };
		B582F2911C11087500BEAEDD /* FloatingLaserManage.hpp */ = {isa = PBXFileReference; fileEncoding = 4; lastKnownFileType = sourcecode.cpp.h; path = FloatingLaserManage.hpp; sourceTree = "<group>"; };
		B58AE42E1C030FD6005F9E85 /* DynamicPixelNode.cpp */ = {isa = PBXFileReference; fileEncoding = 4; lastKnownFileType = sourcecode.cpp.cpp; path = DynamicPixelNode.cpp; sourceTree = "<group>"; };
		B58AE42F1C030FD6005F9E85 /* DynamicPixelNode.hpp */ = {isa = PBXFileReference; fileEncoding = 4; lastKnownFileType = sourcecode.cpp.h; path = DynamicPixelNode.hpp; sourceTree = "<group>"; };
		B58DDCA91BE8D70600B54804 /* HeroGraphicNode.cpp */ = {isa = PBXFileReference; fileEncoding = 4; lastKnownFileType = sourcecode.cpp.cpp; path = HeroGraphicNode.cpp; sourceTree = "<group>"; };
		B58DDCAA1BE8D70600B54804 /* HeroGraphicNode.hpp */ = {isa = PBXFileReference; fileEncoding = 4; lastKnownFileType = sourcecode.cpp.h; path = HeroGraphicNode.hpp; sourceTree = "<group>"; };
		B58DDCAC1BE8F82400B54804 /* HeroGraphicUnitAnimationDef.cpp */ = {isa = PBXFileReference; fileEncoding = 4; lastKnownFileType = sourcecode.cpp.cpp; path = HeroGraphicUnitAnimationDef.cpp; sourceTree = "<group>"; };
		B58DDCAD1BE8F82400B54804 /* HeroGraphicUnitAnimationDef.hpp */ = {isa = PBXFileReference; fileEncoding = 4; lastKnownFileType = sourcecode.cpp.h; path = HeroGraphicUnitAnimationDef.hpp; sourceTree = "<group>"; };
		B58DDCAF1BE91B1500B54804 /* BattleRoles.cpp */ = {isa = PBXFileReference; fileEncoding = 4; lastKnownFileType = sourcecode.cpp.cpp; path = BattleRoles.cpp; sourceTree = "<group>"; };
		B58DDCB01BE91B1500B54804 /* BattleRoles.hpp */ = {isa = PBXFileReference; fileEncoding = 4; lastKnownFileType = sourcecode.cpp.h; path = BattleRoles.hpp; sourceTree = "<group>"; };
		B58DDCB21BE91F7D00B54804 /* sopx */ = {isa = PBXFileReference; lastKnownFileType = folder; path = sopx; sourceTree = "<group>"; };
		B58DDCB41BE9361100B54804 /* RivalGraphicNode.cpp */ = {isa = PBXFileReference; fileEncoding = 4; lastKnownFileType = sourcecode.cpp.cpp; path = RivalGraphicNode.cpp; sourceTree = "<group>"; };
		B58DDCB51BE9361100B54804 /* RivalGraphicNode.hpp */ = {isa = PBXFileReference; fileEncoding = 4; lastKnownFileType = sourcecode.cpp.h; path = RivalGraphicNode.hpp; sourceTree = "<group>"; };
		B58DDCB71BE9368700B54804 /* RivalGraphicAnimationDef.cpp */ = {isa = PBXFileReference; fileEncoding = 4; lastKnownFileType = sourcecode.cpp.cpp; path = RivalGraphicAnimationDef.cpp; sourceTree = "<group>"; };
		B58DDCB81BE9368700B54804 /* RivalGraphicAnimationDef.hpp */ = {isa = PBXFileReference; fileEncoding = 4; lastKnownFileType = sourcecode.cpp.h; path = RivalGraphicAnimationDef.hpp; sourceTree = "<group>"; };
		B58DDCBC1BEB331C00B54804 /* BloodBar.cpp */ = {isa = PBXFileReference; fileEncoding = 4; lastKnownFileType = sourcecode.cpp.cpp; path = BloodBar.cpp; sourceTree = "<group>"; };
		B58DDCBD1BEB331C00B54804 /* BloodBar.hpp */ = {isa = PBXFileReference; fileEncoding = 4; lastKnownFileType = sourcecode.cpp.h; path = BloodBar.hpp; sourceTree = "<group>"; };
		B5944E9C1BF1101C00028078 /* HealthBeat.cpp */ = {isa = PBXFileReference; fileEncoding = 4; lastKnownFileType = sourcecode.cpp.cpp; path = HealthBeat.cpp; sourceTree = "<group>"; };
		B5944E9D1BF1101C00028078 /* HealthBeat.hpp */ = {isa = PBXFileReference; fileEncoding = 4; lastKnownFileType = sourcecode.cpp.h; path = HealthBeat.hpp; sourceTree = "<group>"; };
		B5944E9F1BF11EB700028078 /* LongBeat.cpp */ = {isa = PBXFileReference; fileEncoding = 4; lastKnownFileType = sourcecode.cpp.cpp; path = LongBeat.cpp; sourceTree = "<group>"; };
		B5944EA01BF11EB700028078 /* LongBeat.hpp */ = {isa = PBXFileReference; fileEncoding = 4; lastKnownFileType = sourcecode.cpp.h; path = LongBeat.hpp; sourceTree = "<group>"; };
		B5944EA21BF12A1600028078 /* CopyBeat.cpp */ = {isa = PBXFileReference; fileEncoding = 4; lastKnownFileType = sourcecode.cpp.cpp; path = CopyBeat.cpp; sourceTree = "<group>"; };
		B5944EA31BF12A1600028078 /* CopyBeat.hpp */ = {isa = PBXFileReference; fileEncoding = 4; lastKnownFileType = sourcecode.cpp.h; path = CopyBeat.hpp; sourceTree = "<group>"; };
		B599C0F01C01C88A0012205A /* WindBar.cpp */ = {isa = PBXFileReference; fileEncoding = 4; lastKnownFileType = sourcecode.cpp.cpp; path = WindBar.cpp; sourceTree = "<group>"; };
		B599C0F11C01C88A0012205A /* WindBar.hpp */ = {isa = PBXFileReference; fileEncoding = 4; lastKnownFileType = sourcecode.cpp.h; path = WindBar.hpp; sourceTree = "<group>"; };
		B599C0F51C020C840012205A /* PowerBar.cpp */ = {isa = PBXFileReference; fileEncoding = 4; lastKnownFileType = sourcecode.cpp.cpp; path = PowerBar.cpp; sourceTree = "<group>"; };
		B599C0F61C020C840012205A /* PowerBar.hpp */ = {isa = PBXFileReference; fileEncoding = 4; lastKnownFileType = sourcecode.cpp.h; path = PowerBar.hpp; sourceTree = "<group>"; };
		B59E7ECA1C04A7AE005FA50D /* HuntingHero.cpp */ = {isa = PBXFileReference; fileEncoding = 4; lastKnownFileType = sourcecode.cpp.cpp; path = HuntingHero.cpp; sourceTree = "<group>"; };
		B59E7ECB1C04A7AE005FA50D /* HuntingHero.hpp */ = {isa = PBXFileReference; fileEncoding = 4; lastKnownFileType = sourcecode.cpp.h; path = HuntingHero.hpp; sourceTree = "<group>"; };
		B59E7ECD1C05AB06005FA50D /* HuntingHeroMetaSuitManage.cpp */ = {isa = PBXFileReference; fileEncoding = 4; lastKnownFileType = sourcecode.cpp.cpp; path = HuntingHeroMetaSuitManage.cpp; sourceTree = "<group>"; };
		B59E7ECE1C05AB06005FA50D /* HuntingHeroMetaSuitManage.hpp */ = {isa = PBXFileReference; fileEncoding = 4; lastKnownFileType = sourcecode.cpp.h; path = HuntingHeroMetaSuitManage.hpp; sourceTree = "<group>"; };
		B59E7ED11C064B72005FA50D /* HuntingHerosManage.cpp */ = {isa = PBXFileReference; fileEncoding = 4; lastKnownFileType = sourcecode.cpp.cpp; path = HuntingHerosManage.cpp; sourceTree = "<group>"; };
		B59E7ED21C064B72005FA50D /* HuntingHerosManage.hpp */ = {isa = PBXFileReference; fileEncoding = 4; lastKnownFileType = sourcecode.cpp.h; path = HuntingHerosManage.hpp; sourceTree = "<group>"; };
		B59E7ED41C064D6A005FA50D /* MoneyManager.cpp */ = {isa = PBXFileReference; fileEncoding = 4; lastKnownFileType = sourcecode.cpp.cpp; path = MoneyManager.cpp; sourceTree = "<group>"; };
		B59E7ED51C064D6A005FA50D /* MoneyManager.hpp */ = {isa = PBXFileReference; fileEncoding = 4; lastKnownFileType = sourcecode.cpp.h; path = MoneyManager.hpp; sourceTree = "<group>"; };
		B59E7ED81C074944005FA50D /* HeroHeadAndUpgrade.cpp */ = {isa = PBXFileReference; fileEncoding = 4; lastKnownFileType = sourcecode.cpp.cpp; path = HeroHeadAndUpgrade.cpp; sourceTree = "<group>"; };
		B59E7ED91C074944005FA50D /* HeroHeadAndUpgrade.hpp */ = {isa = PBXFileReference; fileEncoding = 4; lastKnownFileType = sourcecode.cpp.h; path = HeroHeadAndUpgrade.hpp; sourceTree = "<group>"; };
		B59E7EDC1C0768C9005FA50D /* MoneyCostDef.cpp */ = {isa = PBXFileReference; fileEncoding = 4; lastKnownFileType = sourcecode.cpp.cpp; path = MoneyCostDef.cpp; sourceTree = "<group>"; };
		B59E7EDD1C0768C9005FA50D /* MoneyCostDef.hpp */ = {isa = PBXFileReference; fileEncoding = 4; lastKnownFileType = sourcecode.cpp.h; path = MoneyCostDef.hpp; sourceTree = "<group>"; };
		B5AE97301C0D950900C497FB /* HuntingArrowManage.cpp */ = {isa = PBXFileReference; fileEncoding = 4; lastKnownFileType = sourcecode.cpp.cpp; path = HuntingArrowManage.cpp; sourceTree = "<group>"; };
		B5AE97311C0D950900C497FB /* HuntingArrowManage.hpp */ = {isa = PBXFileReference; fileEncoding = 4; lastKnownFileType = sourcecode.cpp.h; path = HuntingArrowManage.hpp; sourceTree = "<group>"; };
		B5B7486A1C10A484009D546D /* ACSoundManage.cpp */ = {isa = PBXFileReference; fileEncoding = 4; lastKnownFileType = sourcecode.cpp.cpp; path = ACSoundManage.cpp; sourceTree = "<group>"; };
		B5B7486B1C10A484009D546D /* ACSoundManage.hpp */ = {isa = PBXFileReference; fileEncoding = 4; lastKnownFileType = sourcecode.cpp.h; path = ACSoundManage.hpp; sourceTree = "<group>"; };
		B5B7486D1C10AAA8009D546D /* Msg.cpp */ = {isa = PBXFileReference; fileEncoding = 4; lastKnownFileType = sourcecode.cpp.cpp; path = Msg.cpp; sourceTree = "<group>"; };
		B5B7486E1C10AAA8009D546D /* Msg.h */ = {isa = PBXFileReference; fileEncoding = 4; lastKnownFileType = sourcecode.c.h; path = Msg.h; sourceTree = "<group>"; };
		B5BD19311BE645990052ACDD /* BeatDef.cpp */ = {isa = PBXFileReference; fileEncoding = 4; lastKnownFileType = sourcecode.cpp.cpp; path = BeatDef.cpp; sourceTree = "<group>"; };
		B5BD19321BE645990052ACDD /* BeatDef.hpp */ = {isa = PBXFileReference; fileEncoding = 4; lastKnownFileType = sourcecode.cpp.h; path = BeatDef.hpp; sourceTree = "<group>"; };
		B5BD19331BE645990052ACDD /* BeatQuestScene.cpp */ = {isa = PBXFileReference; fileEncoding = 4; lastKnownFileType = sourcecode.cpp.cpp; path = BeatQuestScene.cpp; sourceTree = "<group>"; };
		B5BD19341BE645990052ACDD /* BeatQuestScene.h */ = {isa = PBXFileReference; fileEncoding = 4; lastKnownFileType = sourcecode.c.h; path = BeatQuestScene.h; sourceTree = "<group>"; };
		B5BD19351BE645990052ACDD /* format.cpp */ = {isa = PBXFileReference; fileEncoding = 4; lastKnownFileType = sourcecode.cpp.cpp; path = format.cpp; sourceTree = "<group>"; };
		B5BD19361BE645990052ACDD /* format.h */ = {isa = PBXFileReference; fileEncoding = 4; lastKnownFileType = sourcecode.c.h; path = format.h; sourceTree = "<group>"; };
		B5BD19371BE645990052ACDD /* intersection.cpp */ = {isa = PBXFileReference; fileEncoding = 4; lastKnownFileType = sourcecode.cpp.cpp; path = intersection.cpp; sourceTree = "<group>"; };
		B5BD19381BE645990052ACDD /* intersection.h */ = {isa = PBXFileReference; fileEncoding = 4; lastKnownFileType = sourcecode.c.h; path = intersection.h; sourceTree = "<group>"; };
		B5BD19391BE645990052ACDD /* McdLayer.cpp */ = {isa = PBXFileReference; fileEncoding = 4; lastKnownFileType = sourcecode.cpp.cpp; path = McdLayer.cpp; sourceTree = "<group>"; };
		B5BD193A1BE645990052ACDD /* McdLayer.h */ = {isa = PBXFileReference; fileEncoding = 4; lastKnownFileType = sourcecode.c.h; path = McdLayer.h; sourceTree = "<group>"; };
		B5BD193B1BE645990052ACDD /* ScatPixelDef.cpp */ = {isa = PBXFileReference; fileEncoding = 4; lastKnownFileType = sourcecode.cpp.cpp; path = ScatPixelDef.cpp; sourceTree = "<group>"; };
		B5BD193C1BE645990052ACDD /* ScatPixelDef.hpp */ = {isa = PBXFileReference; fileEncoding = 4; lastKnownFileType = sourcecode.cpp.h; path = ScatPixelDef.hpp; sourceTree = "<group>"; };
		B5BD193D1BE645990052ACDD /* ScatPixelScene.cpp */ = {isa = PBXFileReference; fileEncoding = 4; lastKnownFileType = sourcecode.cpp.cpp; path = ScatPixelScene.cpp; sourceTree = "<group>"; };
		B5BD193E1BE645990052ACDD /* ScatPixelScene.h */ = {isa = PBXFileReference; fileEncoding = 4; lastKnownFileType = sourcecode.c.h; path = ScatPixelScene.h; sourceTree = "<group>"; };
		B5BD193F1BE645990052ACDD /* SOCommon.cpp */ = {isa = PBXFileReference; fileEncoding = 4; lastKnownFileType = sourcecode.cpp.cpp; path = SOCommon.cpp; sourceTree = "<group>"; };
		B5BD19401BE645990052ACDD /* SOCommon.h */ = {isa = PBXFileReference; fileEncoding = 4; lastKnownFileType = sourcecode.c.h; path = SOCommon.h; sourceTree = "<group>"; };
		B5BD19411BE645990052ACDD /* StealthTestScene.cpp */ = {isa = PBXFileReference; fileEncoding = 4; lastKnownFileType = sourcecode.cpp.cpp; path = StealthTestScene.cpp; sourceTree = "<group>"; };
		B5BD19421BE645990052ACDD /* StealthTestScene.h */ = {isa = PBXFileReference; fileEncoding = 4; lastKnownFileType = sourcecode.c.h; path = StealthTestScene.h; sourceTree = "<group>"; };
		B5BD19431BE645990052ACDD /* TestGuideScene.cpp */ = {isa = PBXFileReference; fileEncoding = 4; lastKnownFileType = sourcecode.cpp.cpp; path = TestGuideScene.cpp; sourceTree = "<group>"; };
		B5BD19441BE645990052ACDD /* TestGuideScene.h */ = {isa = PBXFileReference; fileEncoding = 4; lastKnownFileType = sourcecode.c.h; path = TestGuideScene.h; sourceTree = "<group>"; };
		B5BD19451BE645990052ACDD /* TRBaseScene.cpp */ = {isa = PBXFileReference; fileEncoding = 4; lastKnownFileType = sourcecode.cpp.cpp; path = TRBaseScene.cpp; sourceTree = "<group>"; };
		B5BD19461BE645990052ACDD /* TRBaseScene.h */ = {isa = PBXFileReference; fileEncoding = 4; lastKnownFileType = sourcecode.c.h; path = TRBaseScene.h; sourceTree = "<group>"; };
		B5BD19471BE645990052ACDD /* TripleDef.cpp */ = {isa = PBXFileReference; fileEncoding = 4; lastKnownFileType = sourcecode.cpp.cpp; path = TripleDef.cpp; sourceTree = "<group>"; };
		B5BD19481BE645990052ACDD /* TripleDef.h */ = {isa = PBXFileReference; fileEncoding = 4; lastKnownFileType = sourcecode.c.h; path = TripleDef.h; sourceTree = "<group>"; };
		B5BD19491BE645990052ACDD /* TripleQuestScene.cpp */ = {isa = PBXFileReference; fileEncoding = 4; lastKnownFileType = sourcecode.cpp.cpp; path = TripleQuestScene.cpp; sourceTree = "<group>"; };
		B5BD194A1BE645990052ACDD /* TripleQuestScene.h */ = {isa = PBXFileReference; fileEncoding = 4; lastKnownFileType = sourcecode.c.h; path = TripleQuestScene.h; sourceTree = "<group>"; };
		B5BD194B1BE645990052ACDD /* TRLocale.cpp */ = {isa = PBXFileReference; fileEncoding = 4; lastKnownFileType = sourcecode.cpp.cpp; path = TRLocale.cpp; sourceTree = "<group>"; };
		B5BD194C1BE645990052ACDD /* TRLocale.h */ = {isa = PBXFileReference; fileEncoding = 4; lastKnownFileType = sourcecode.c.h; path = TRLocale.h; sourceTree = "<group>"; };
		B5BD195E1BE645CC0052ACDD /* 3d */ = {isa = PBXFileReference; lastKnownFileType = folder; path = 3d; sourceTree = "<group>"; };
		B5BD19601BE645CC0052ACDD /* images */ = {isa = PBXFileReference; lastKnownFileType = folder; path = images; sourceTree = "<group>"; };
		B5BD19621BE645CC0052ACDD /* sounds */ = {isa = PBXFileReference; lastKnownFileType = folder; path = sounds; sourceTree = "<group>"; };
		B5BD19681BE6468F0052ACDD /* SImplePixelNode.cpp */ = {isa = PBXFileReference; fileEncoding = 4; lastKnownFileType = sourcecode.cpp.cpp; path = SImplePixelNode.cpp; sourceTree = "<group>"; };
		B5BD19691BE6468F0052ACDD /* SimplePixelNode.h */ = {isa = PBXFileReference; fileEncoding = 4; lastKnownFileType = sourcecode.c.h; path = SimplePixelNode.h; sourceTree = "<group>"; };
		B5BD196C1BE64F5A0052ACDD /* QuestScene.cpp */ = {isa = PBXFileReference; fileEncoding = 4; lastKnownFileType = sourcecode.cpp.cpp; path = QuestScene.cpp; sourceTree = "<group>"; };
		B5BD196D1BE64F5A0052ACDD /* QuestScene.h */ = {isa = PBXFileReference; fileEncoding = 4; lastKnownFileType = sourcecode.c.h; path = QuestScene.h; sourceTree = "<group>"; };
		B5BD196F1BE652910052ACDD /* QuestDef.cpp */ = {isa = PBXFileReference; fileEncoding = 4; lastKnownFileType = sourcecode.cpp.cpp; path = QuestDef.cpp; sourceTree = "<group>"; };
		B5BD19701BE652910052ACDD /* QuestDef.hpp */ = {isa = PBXFileReference; fileEncoding = 4; lastKnownFileType = sourcecode.cpp.h; path = QuestDef.hpp; sourceTree = "<group>"; };
		B5BD19721BE6540E0052ACDD /* QuestProtocals.cpp */ = {isa = PBXFileReference; fileEncoding = 4; lastKnownFileType = sourcecode.cpp.cpp; path = QuestProtocals.cpp; sourceTree = "<group>"; };
		B5BD19731BE6540E0052ACDD /* QuestProtocals.hpp */ = {isa = PBXFileReference; fileEncoding = 4; lastKnownFileType = sourcecode.cpp.h; path = QuestProtocals.hpp; sourceTree = "<group>"; };
		B5BD19751BE658230052ACDD /* BattleRoad.cpp */ = {isa = PBXFileReference; fileEncoding = 4; lastKnownFileType = sourcecode.cpp.cpp; path = BattleRoad.cpp; sourceTree = "<group>"; };
		B5BD19761BE658230052ACDD /* BattleRoad.hpp */ = {isa = PBXFileReference; fileEncoding = 4; lastKnownFileType = sourcecode.cpp.h; path = BattleRoad.hpp; sourceTree = "<group>"; };
		B5BD197F1BE65C640052ACDD /* RoadPlane.cpp */ = {isa = PBXFileReference; fileEncoding = 4; lastKnownFileType = sourcecode.cpp.cpp; path = RoadPlane.cpp; sourceTree = "<group>"; };
		B5BD19801BE65C640052ACDD /* RoadPlane.h */ = {isa = PBXFileReference; fileEncoding = 4; lastKnownFileType = sourcecode.c.h; path = RoadPlane.h; sourceTree = "<group>"; };
		B5BD19821BE669C40052ACDD /* battle_road */ = {isa = PBXFileReference; lastKnownFileType = folder; path = battle_road; sourceTree = "<group>"; };
		B5D44E411BF1CC0F0082C360 /* LaserBeat.cpp */ = {isa = PBXFileReference; fileEncoding = 4; lastKnownFileType = sourcecode.cpp.cpp; path = LaserBeat.cpp; sourceTree = "<group>"; };
		B5D44E421BF1CC0F0082C360 /* LaserBeat.hpp */ = {isa = PBXFileReference; fileEncoding = 4; lastKnownFileType = sourcecode.cpp.h; path = LaserBeat.hpp; sourceTree = "<group>"; };
		B5FFA66B1BECFB7000511FBD /* SingleBeat.cpp */ = {isa = PBXFileReference; fileEncoding = 4; lastKnownFileType = sourcecode.cpp.cpp; path = SingleBeat.cpp; sourceTree = "<group>"; };
		B5FFA66C1BECFB7000511FBD /* SingleBeat.hpp */ = {isa = PBXFileReference; fileEncoding = 4; lastKnownFileType = sourcecode.cpp.h; path = SingleBeat.hpp; sourceTree = "<group>"; };
		B5FFA66F1BED166200511FBD /* BeatField.cpp */ = {isa = PBXFileReference; fileEncoding = 4; lastKnownFileType = sourcecode.cpp.cpp; path = BeatField.cpp; sourceTree = "<group>"; };
		B5FFA6701BED166200511FBD /* BeatField.hpp */ = {isa = PBXFileReference; fileEncoding = 4; lastKnownFileType = sourcecode.cpp.h; path = BeatField.hpp; sourceTree = "<group>"; };
		BF170DB012928DE900B8313A /* OpenGLES.framework */ = {isa = PBXFileReference; lastKnownFileType = wrapper.framework; name = OpenGLES.framework; path = System/Library/Frameworks/OpenGLES.framework; sourceTree = SDKROOT; };
		BF170DB412928DE900B8313A /* libz.dylib */ = {isa = PBXFileReference; lastKnownFileType = "compiled.mach-o.dylib"; name = libz.dylib; path = usr/lib/libz.dylib; sourceTree = SDKROOT; };
		BF1C47EA1293683800B63C5D /* QuartzCore.framework */ = {isa = PBXFileReference; lastKnownFileType = wrapper.framework; name = QuartzCore.framework; path = System/Library/Frameworks/QuartzCore.framework; sourceTree = SDKROOT; };
		D44C620B132DFF330009C878 /* OpenAL.framework */ = {isa = PBXFileReference; lastKnownFileType = wrapper.framework; name = OpenAL.framework; path = System/Library/Frameworks/OpenAL.framework; sourceTree = SDKROOT; };
		D44C620D132DFF430009C878 /* AVFoundation.framework */ = {isa = PBXFileReference; lastKnownFileType = wrapper.framework; name = AVFoundation.framework; path = System/Library/Frameworks/AVFoundation.framework; sourceTree = SDKROOT; };
		D44C620F132DFF4E0009C878 /* AudioToolbox.framework */ = {isa = PBXFileReference; lastKnownFileType = wrapper.framework; name = AudioToolbox.framework; path = System/Library/Frameworks/AudioToolbox.framework; sourceTree = SDKROOT; };
		D6B0611A1803AB670077942B /* CoreMotion.framework */ = {isa = PBXFileReference; lastKnownFileType = wrapper.framework; name = CoreMotion.framework; path = Platforms/iPhoneOS.platform/Developer/SDKs/iPhoneOS7.0.sdk/System/Library/Frameworks/CoreMotion.framework; sourceTree = DEVELOPER_DIR; };
/* End PBXFileReference section */

/* Begin PBXFrameworksBuildPhase section */
		1D60588F0D05DD3D006BFB54 /* Frameworks */ = {
			isa = PBXFrameworksBuildPhase;
			buildActionMask = 2147483647;
			files = (
				52B47A471A53D09C004E4C60 /* Security.framework in Frameworks */,
				1AC6FB30180E99EB004C840B /* libcocos2d iOS.a in Frameworks */,
				D6B0611B1803AB670077942B /* CoreMotion.framework in Frameworks */,
				1D60589F0D05DD5A006BFB54 /* Foundation.framework in Frameworks */,
				1DF5F4E00D08C38300B7A737 /* UIKit.framework in Frameworks */,
				288765A50DF7441C002DB57D /* CoreGraphics.framework in Frameworks */,
				BF171245129291EC00B8313A /* OpenGLES.framework in Frameworks */,
				BF1712471292920000B8313A /* libz.dylib in Frameworks */,
				BF1C47F01293687400B63C5D /* QuartzCore.framework in Frameworks */,
				D44C620C132DFF330009C878 /* OpenAL.framework in Frameworks */,
				D44C620E132DFF430009C878 /* AVFoundation.framework in Frameworks */,
				D44C6210132DFF4E0009C878 /* AudioToolbox.framework in Frameworks */,
			);
			runOnlyForDeploymentPostprocessing = 0;
		};
		5087E75C17EB910900C73F5D /* Frameworks */ = {
			isa = PBXFrameworksBuildPhase;
			buildActionMask = 2147483647;
			files = (
				1AC6FB21180E996B004C840B /* libcocos2d Mac.a in Frameworks */,
				5087E76717EB910900C73F5D /* libz.dylib in Frameworks */,
				8262943E1AAF051F00CB7CF7 /* Security.framework in Frameworks */,
				503AE11B17EB9C5A00D1A890 /* IOKit.framework in Frameworks */,
				5087E78B17EB975400C73F5D /* OpenGL.framework in Frameworks */,
				5087E78917EB974C00C73F5D /* AppKit.framework in Frameworks */,
				5087E76317EB910900C73F5D /* Foundation.framework in Frameworks */,
				5087E76817EB910900C73F5D /* QuartzCore.framework in Frameworks */,
				5087E76917EB910900C73F5D /* OpenAL.framework in Frameworks */,
				5087E76A17EB910900C73F5D /* AVFoundation.framework in Frameworks */,
				5087E76B17EB910900C73F5D /* AudioToolbox.framework in Frameworks */,
			);
			runOnlyForDeploymentPostprocessing = 0;
		};
/* End PBXFrameworksBuildPhase section */

/* Begin PBXGroup section */
		080E96DDFE201D6D7F000001 /* ios */ = {
			isa = PBXGroup;
			children = (
				5087E77117EB970100C73F5D /* Icons */,
				503AE0FA17EB989F00D1A890 /* AppController.h */,
				503AE0FB17EB989F00D1A890 /* AppController.mm */,
				503AE0FC17EB989F00D1A890 /* main.m */,
				503AE0FD17EB989F00D1A890 /* Prefix.pch */,
				503AE0FE17EB989F00D1A890 /* RootViewController.h */,
				503AE0FF17EB989F00D1A890 /* RootViewController.mm */,
			);
			name = ios;
			path = Classes;
			sourceTree = "<group>";
		};
		19C28FACFE9D520D11CA2CBB /* Products */ = {
			isa = PBXGroup;
			children = (
				1D6058910D05DD3D006BFB54 /* hunters iOS.app */,
				5087E76F17EB910900C73F5D /* hunters iOS.app */,
			);
			name = Products;
			sourceTree = "<group>";
		};
		1AC6FAE6180E9839004C840B /* Products */ = {
			isa = PBXGroup;
			children = (
				1AC6FAF9180E9839004C840B /* libcocos2d Mac.a */,
				1AC6FB07180E9839004C840B /* libcocos2d iOS.a */,
			);
			name = Products;
			sourceTree = "<group>";
		};
		29B97314FDCFA39411CA2CEA /* CustomTemplate */ = {
			isa = PBXGroup;
			children = (
				46880B8319C43A87006E1F66 /* Classes */,
				46880B7519C43A67006E1F66 /* Resources */,
				1AC6FAE5180E9839004C840B /* cocos2d_libs.xcodeproj */,
				29B97323FDCFA39411CA2CEA /* Frameworks */,
				080E96DDFE201D6D7F000001 /* ios */,
				503AE10617EB990700D1A890 /* mac */,
				19C28FACFE9D520D11CA2CBB /* Products */,
			);
			name = CustomTemplate;
			sourceTree = "<group>";
		};
		29B97323FDCFA39411CA2CEA /* Frameworks */ = {
			isa = PBXGroup;
			children = (
				8262943D1AAF051F00CB7CF7 /* Security.framework */,
				52B47A461A53D09B004E4C60 /* Security.framework */,
				D6B0611A1803AB670077942B /* CoreMotion.framework */,
				503AE11A17EB9C5A00D1A890 /* IOKit.framework */,
				503AE11117EB99EE00D1A890 /* libcurl.dylib */,
				5087E78A17EB975400C73F5D /* OpenGL.framework */,
				5087E78817EB974C00C73F5D /* AppKit.framework */,
				1ACB3243164770DE00914215 /* libcurl.a */,
				BF170DB412928DE900B8313A /* libz.dylib */,
				D44C620F132DFF4E0009C878 /* AudioToolbox.framework */,
				D44C620D132DFF430009C878 /* AVFoundation.framework */,
				288765A40DF7441C002DB57D /* CoreGraphics.framework */,
				1D30AB110D05D00D00671497 /* Foundation.framework */,
				D44C620B132DFF330009C878 /* OpenAL.framework */,
				BF170DB012928DE900B8313A /* OpenGLES.framework */,
				BF1C47EA1293683800B63C5D /* QuartzCore.framework */,
				1DF5F4DF0D08C38300B7A737 /* UIKit.framework */,
			);
			name = Frameworks;
			sourceTree = "<group>";
		};
		46880B7519C43A67006E1F66 /* Resources */ = {
			isa = PBXGroup;
			children = (
				B581F9D11BFE46A600F9BDDB /* hunters */,
				B58066DC1BF8C5FF002A1DC1 /* hunting */,
				B58DDCB21BE91F7D00B54804 /* sopx */,
				B50A36FA1BE7C5480007B7CA /* beats */,
				B5BD19821BE669C40052ACDD /* battle_road */,
				B5BD195E1BE645CC0052ACDD /* 3d */,
				B5BD19601BE645CC0052ACDD /* images */,
				B5BD19621BE645CC0052ACDD /* sounds */,
				521A8EA819F11F5000D177D7 /* fonts */,
				3EACC98E19EE6D4300EB3C5E /* res */,
				46880B7619C43A67006E1F66 /* CloseNormal.png */,
				46880B7719C43A67006E1F66 /* CloseSelected.png */,
				46880B7A19C43A67006E1F66 /* HelloWorld.png */,
			);
			name = Resources;
			path = ../Resources;
			sourceTree = "<group>";
		};
		46880B8319C43A87006E1F66 /* Classes */ = {
			isa = PBXGroup;
			children = (
				B56EF9BA1C0DE88600FD7BBE /* box2Dtest */,
				B5BD195D1BE645AC0052ACDD /* fromold */,
				B53B8CB01BEFA19E006F5432 /* other-scene */,
				B5BD196B1BE64EDE0052ACDD /* game-scene */,
				B5BD195C1BE645A10052ACDD /* devops */,
			);
			name = Classes;
			path = ../Classes;
			sourceTree = "<group>";
		};
		503AE0F517EB97AB00D1A890 /* Icons */ = {
			isa = PBXGroup;
			children = (
				503AE0F617EB97AB00D1A890 /* Icon.icns */,
				503AE0F717EB97AB00D1A890 /* Info.plist */,
			);
			name = Icons;
			path = mac;
			sourceTree = SOURCE_ROOT;
		};
		503AE10617EB990700D1A890 /* mac */ = {
			isa = PBXGroup;
			children = (
				503AE0F517EB97AB00D1A890 /* Icons */,
				503AE10317EB98FF00D1A890 /* main.cpp */,
				503AE10417EB98FF00D1A890 /* Prefix.pch */,
			);
			name = mac;
			sourceTree = "<group>";
		};
		5087E77117EB970100C73F5D /* Icons */ = {
			isa = PBXGroup;
			children = (
				521A8E6219F0C34300D177D7 /* Default-667h@2x.png */,
				521A8E6319F0C34300D177D7 /* Default-736h@3x.png */,
				5087E77217EB970100C73F5D /* Default-568h@2x.png */,
				5087E77317EB970100C73F5D /* Default.png */,
				5087E77417EB970100C73F5D /* Default@2x.png */,
				50EF62A017ECD613001EB2F8 /* Icon-29.png */,
				50EF62A117ECD613001EB2F8 /* Icon-50.png */,
				50EF629217ECD46A001EB2F8 /* Icon-40.png */,
				50EF629317ECD46A001EB2F8 /* Icon-58.png */,
				50EF629417ECD46A001EB2F8 /* Icon-80.png */,
				50EF629517ECD46A001EB2F8 /* Icon-100.png */,
				5087E77517EB970100C73F5D /* Icon-114.png */,
				5087E77617EB970100C73F5D /* Icon-120.png */,
				5087E77717EB970100C73F5D /* Icon-144.png */,
				5087E77817EB970100C73F5D /* Icon-152.png */,
				5087E77917EB970100C73F5D /* Icon-57.png */,
				5087E77A17EB970100C73F5D /* Icon-72.png */,
				5087E77B17EB970100C73F5D /* Icon-76.png */,
				5087E77C17EB970100C73F5D /* Info.plist */,
			);
			name = Icons;
			path = ios;
			sourceTree = SOURCE_ROOT;
		};
		B506AEB31BEF66EB00021FC7 /* battle-state */ = {
			isa = PBXGroup;
			children = (
				B506AEB71BEF6E2400021FC7 /* StoryInfo.cpp */,
				B506AEB81BEF6E2400021FC7 /* StoryInfo.hpp */,
				B506AEBA1BEF742600021FC7 /* ProgressInfo.cpp */,
				B506AEBB1BEF742600021FC7 /* ProgressInfo.hpp */,
				B506AEB41BEF686A00021FC7 /* BattleState.cpp */,
				B506AEB51BEF686A00021FC7 /* BattleState.hpp */,
			);
			name = "battle-state";
			sourceTree = "<group>";
		};
		B539D28C1BE761DD0096FF04 /* pixel-node */ = {
			isa = PBXGroup;
			children = (
				B58AE42A1C030F1D005F9E85 /* plane-pixel-node */,
				B58AE4291C030F0C005F9E85 /* dynamic-pixel-node */,
				B539D28D1BE7620E0096FF04 /* PixelNode.cpp */,
				B539D28E1BE7620E0096FF04 /* PixelNode.h */,
				B50A36F71BE7C0030007B7CA /* PixelDataCache.cpp */,
				B50A36F81BE7C0030007B7CA /* PixelDataCache.hpp */,
				B5594DBF1BEBCBE7007BDD87 /* PixelTextNode.cpp */,
				B5594DC01BEBCBE7007BDD87 /* PixelTextNode.hpp */,
			);
			name = "pixel-node";
			sourceTree = "<group>";
		};
		B53B8CB01BEFA19E006F5432 /* other-scene */ = {
			isa = PBXGroup;
			children = (
				B53B8CB11BEFA1BC006F5432 /* WelcoScene.cpp */,
				B53B8CB21BEFA1BC006F5432 /* WelcoScene.h */,
				B53B8CB61BF09DF8006F5432 /* LoadingScene.cpp */,
				B53B8CB71BF09DF8006F5432 /* LoadingScene.hpp */,
			);
			name = "other-scene";
			sourceTree = "<group>";
		};
		B56EF9BA1C0DE88600FD7BBE /* box2Dtest */ = {
			isa = PBXGroup;
			children = (
				B56EF9BB1C0DE8AA00FD7BBE /* Box2dTestScene.cpp */,
				B56EF9BC1C0DE8AA00FD7BBE /* Box2dTestScene.hpp */,
			);
			name = box2Dtest;
			sourceTree = "<group>";
		};
		B581F9CD1BFE3A4A00F9BDDB /* top-icons */ = {
			isa = PBXGroup;
			children = (
				B581F9CE1BFE3A6900F9BDDB /* TopIcons.cpp */,
				B581F9CF1BFE3A6900F9BDDB /* TopIcons.hpp */,
			);
			name = "top-icons";
			sourceTree = "<group>";
		};
		B581F9D31BFF0D3200F9BDDB /* energy-bar */ = {
			isa = PBXGroup;
			children = (
				B581F9D41BFF0D4700F9BDDB /* EnergyBar.cpp */,
				B581F9D51BFF0D4700F9BDDB /* EnergyBar.hpp */,
			);
			name = "energy-bar";
			sourceTree = "<group>";
		};
		B58AE4291C030F0C005F9E85 /* dynamic-pixel-node */ = {
			isa = PBXGroup;
			children = (
				B58AE42E1C030FD6005F9E85 /* DynamicPixelNode.cpp */,
				B58AE42F1C030FD6005F9E85 /* DynamicPixelNode.hpp */,
			);
			name = "dynamic-pixel-node";
			sourceTree = "<group>";
		};
		B58AE42A1C030F1D005F9E85 /* plane-pixel-node */ = {
			isa = PBXGroup;
			children = (
				B50A36FD1BE7DB870007B7CA /* PlanePixelNode.cpp */,
				B50A36FE1BE7DB870007B7CA /* PlanePixelNode.h */,
			);
			name = "plane-pixel-node";
			sourceTree = "<group>";
		};
		B58DDCA51BE8D2DA00B54804 /* RoleNode */ = {
			isa = PBXGroup;
			children = (
				B58DDCAC1BE8F82400B54804 /* HeroGraphicUnitAnimationDef.cpp */,
				B58DDCAD1BE8F82400B54804 /* HeroGraphicUnitAnimationDef.hpp */,
				B58DDCA91BE8D70600B54804 /* HeroGraphicNode.cpp */,
				B58DDCAA1BE8D70600B54804 /* HeroGraphicNode.hpp */,
				B58DDCB71BE9368700B54804 /* RivalGraphicAnimationDef.cpp */,
				B58DDCB81BE9368700B54804 /* RivalGraphicAnimationDef.hpp */,
				B58DDCB41BE9361100B54804 /* RivalGraphicNode.cpp */,
				B58DDCB51BE9361100B54804 /* RivalGraphicNode.hpp */,
				B58DDCAF1BE91B1500B54804 /* BattleRoles.cpp */,
				B58DDCB01BE91B1500B54804 /* BattleRoles.hpp */,
			);
			name = RoleNode;
			sourceTree = "<group>";
		};
		B58DDCBB1BEB330100B54804 /* blood-bar */ = {
			isa = PBXGroup;
			children = (
				B58DDCBC1BEB331C00B54804 /* BloodBar.cpp */,
				B58DDCBD1BEB331C00B54804 /* BloodBar.hpp */,
			);
			name = "blood-bar";
			sourceTree = "<group>";
		};
		B599C0EF1C01C8750012205A /* wind */ = {
			isa = PBXGroup;
			children = (
				B599C0F01C01C88A0012205A /* WindBar.cpp */,
				B599C0F11C01C88A0012205A /* WindBar.hpp */,
			);
			name = wind;
			sourceTree = "<group>";
		};
		B599C0F41C020C710012205A /* power-angel */ = {
			isa = PBXGroup;
			children = (
				B599C0F51C020C840012205A /* PowerBar.cpp */,
				B599C0F61C020C840012205A /* PowerBar.hpp */,
			);
			name = "power-angel";
			sourceTree = "<group>";
		};
		B59E7EC91C04A790005FA50D /* hunter-hero */ = {
			isa = PBXGroup;
			children = (
				B54186151C0C43350049A3FF /* HuntingMonster.cpp */,
				B54186161C0C43350049A3FF /* HuntingMonster.hpp */,
				B59E7EDC1C0768C9005FA50D /* MoneyCostDef.cpp */,
				B59E7EDD1C0768C9005FA50D /* MoneyCostDef.hpp */,
				B59E7ED41C064D6A005FA50D /* MoneyManager.cpp */,
				B59E7ED51C064D6A005FA50D /* MoneyManager.hpp */,
				B59E7ECD1C05AB06005FA50D /* HuntingHeroMetaSuitManage.cpp */,
				B59E7ECE1C05AB06005FA50D /* HuntingHeroMetaSuitManage.hpp */,
				B59E7ECA1C04A7AE005FA50D /* HuntingHero.cpp */,
				B59E7ECB1C04A7AE005FA50D /* HuntingHero.hpp */,
				B59E7ED11C064B72005FA50D /* HuntingHerosManage.cpp */,
				B59E7ED21C064B72005FA50D /* HuntingHerosManage.hpp */,
				B59E7ED81C074944005FA50D /* HeroHeadAndUpgrade.cpp */,
				B59E7ED91C074944005FA50D /* HeroHeadAndUpgrade.hpp */,
				B5AE97301C0D950900C497FB /* HuntingArrowManage.cpp */,
				B5AE97311C0D950900C497FB /* HuntingArrowManage.hpp */,
				B56EF9BE1C0E0D7F00FD7BBE /* HuntingMonsterManage.cpp */,
				B56EF9BF1C0E0D7F00FD7BBE /* HuntingMonsterManage.hpp */,
				B582F28D1C10EE3800BEAEDD /* FloatingLaser.cpp */,
				B582F28E1C10EE3800BEAEDD /* FloatingLaser.hpp */,
				B582F2901C11087500BEAEDD /* FloatingLaserManage.cpp */,
				B582F2911C11087500BEAEDD /* FloatingLaserManage.hpp */,
				B51195291C14876600E94259 /* FlyingCrow.cpp */,
				B511952A1C14876600E94259 /* FlyingCrow.hpp */,
				B511952C1C14B0B600E94259 /* FlyingCrowManage.cpp */,
				B511952D1C14B0B600E94259 /* FlyingCrowManage.hpp */,
				B51195311C15B56A00E94259 /* GlobalArrowEffectManage.cpp */,
				B51195321C15B56A00E94259 /* GlobalArrowEffectManage.hpp */,
			);
			name = "hunter-hero";
			sourceTree = "<group>";
		};
		B5BD195C1BE645A10052ACDD /* devops */ = {
			isa = PBXGroup;
			children = (
				46880B8419C43A87006E1F66 /* AppDelegate.cpp */,
				46880B8519C43A87006E1F66 /* AppDelegate.h */,
				B5BD19431BE645990052ACDD /* TestGuideScene.cpp */,
				B5BD19441BE645990052ACDD /* TestGuideScene.h */,
			);
			name = devops;
			sourceTree = "<group>";
		};
		B5BD195D1BE645AC0052ACDD /* fromold */ = {
			isa = PBXGroup;
			children = (
				B5B7486D1C10AAA8009D546D /* Msg.cpp */,
				B5B7486E1C10AAA8009D546D /* Msg.h */,
				B5BD19681BE6468F0052ACDD /* SImplePixelNode.cpp */,
				B5BD19691BE6468F0052ACDD /* SimplePixelNode.h */,
				B5BD19311BE645990052ACDD /* BeatDef.cpp */,
				B5BD19321BE645990052ACDD /* BeatDef.hpp */,
				B5BD19331BE645990052ACDD /* BeatQuestScene.cpp */,
				B5BD19341BE645990052ACDD /* BeatQuestScene.h */,
				B5BD19351BE645990052ACDD /* format.cpp */,
				B5BD19361BE645990052ACDD /* format.h */,
				B5BD19371BE645990052ACDD /* intersection.cpp */,
				B5BD19381BE645990052ACDD /* intersection.h */,
				B5BD19391BE645990052ACDD /* McdLayer.cpp */,
				B5BD193A1BE645990052ACDD /* McdLayer.h */,
				B5BD193B1BE645990052ACDD /* ScatPixelDef.cpp */,
				B5BD193C1BE645990052ACDD /* ScatPixelDef.hpp */,
				B5BD193D1BE645990052ACDD /* ScatPixelScene.cpp */,
				B5BD193E1BE645990052ACDD /* ScatPixelScene.h */,
				B5BD193F1BE645990052ACDD /* SOCommon.cpp */,
				B5BD19401BE645990052ACDD /* SOCommon.h */,
				B5BD19411BE645990052ACDD /* StealthTestScene.cpp */,
				B5BD19421BE645990052ACDD /* StealthTestScene.h */,
				B5BD19451BE645990052ACDD /* TRBaseScene.cpp */,
				B5BD19461BE645990052ACDD /* TRBaseScene.h */,
				B5BD19471BE645990052ACDD /* TripleDef.cpp */,
				B5BD19481BE645990052ACDD /* TripleDef.h */,
				B5BD19491BE645990052ACDD /* TripleQuestScene.cpp */,
				B5BD194A1BE645990052ACDD /* TripleQuestScene.h */,
				B5BD194B1BE645990052ACDD /* TRLocale.cpp */,
				B5BD194C1BE645990052ACDD /* TRLocale.h */,
			);
			name = fromold;
			sourceTree = "<group>";
		};
		B5BD196B1BE64EDE0052ACDD /* game-scene */ = {
			isa = PBXGroup;
			children = (
				B5BD19721BE6540E0052ACDD /* QuestProtocals.cpp */,
				B5BD19731BE6540E0052ACDD /* QuestProtocals.hpp */,
				B506AEB31BEF66EB00021FC7 /* battle-state */,
				B5FFA66E1BED164500511FBD /* beat-field */,
				B5FFA6671BECED9B00511FBD /* beats */,
				B539D28C1BE761DD0096FF04 /* pixel-node */,
				B58DDCA51BE8D2DA00B54804 /* RoleNode */,
				B5BD19781BE65B570052ACDD /* battle-road */,
				B58DDCBB1BEB330100B54804 /* blood-bar */,
				B581F9CD1BFE3A4A00F9BDDB /* top-icons */,
				B581F9D31BFF0D3200F9BDDB /* energy-bar */,
				B599C0EF1C01C8750012205A /* wind */,
				B599C0F41C020C710012205A /* power-angel */,
				B59E7EC91C04A790005FA50D /* hunter-hero */,
				B57D70A31BE89A7A00A3036F /* QuestCameraManage.cpp */,
				B57D70A41BE89A7A00A3036F /* QuestCameraManage.hpp */,
				B5BD196F1BE652910052ACDD /* QuestDef.cpp */,
				B5BD19701BE652910052ACDD /* QuestDef.hpp */,
				B5BD196C1BE64F5A0052ACDD /* QuestScene.cpp */,
				B5BD196D1BE64F5A0052ACDD /* QuestScene.h */,
				B5B7486A1C10A484009D546D /* ACSoundManage.cpp */,
				B5B7486B1C10A484009D546D /* ACSoundManage.hpp */,
			);
			name = "game-scene";
			sourceTree = "<group>";
		};
		B5BD19781BE65B570052ACDD /* battle-road */ = {
			isa = PBXGroup;
			children = (
				B5BD197F1BE65C640052ACDD /* RoadPlane.cpp */,
				B5BD19801BE65C640052ACDD /* RoadPlane.h */,
				B5BD19751BE658230052ACDD /* BattleRoad.cpp */,
				B5BD19761BE658230052ACDD /* BattleRoad.hpp */,
			);
			name = "battle-road";
			sourceTree = "<group>";
		};
		B5FFA6671BECED9B00511FBD /* beats */ = {
			isa = PBXGroup;
			children = (
				B5D44E411BF1CC0F0082C360 /* LaserBeat.cpp */,
				B5D44E421BF1CC0F0082C360 /* LaserBeat.hpp */,
				B5944EA21BF12A1600028078 /* CopyBeat.cpp */,
				B5944EA31BF12A1600028078 /* CopyBeat.hpp */,
				B5944E9F1BF11EB700028078 /* LongBeat.cpp */,
				B5944EA01BF11EB700028078 /* LongBeat.hpp */,
				B5944E9C1BF1101C00028078 /* HealthBeat.cpp */,
				B5944E9D1BF1101C00028078 /* HealthBeat.hpp */,
				B5FFA66B1BECFB7000511FBD /* SingleBeat.cpp */,
				B5FFA66C1BECFB7000511FBD /* SingleBeat.hpp */,
				B506AEB01BEF5EC500021FC7 /* ShieldBeat.cpp */,
				B506AEB11BEF5EC500021FC7 /* ShieldBeat.hpp */,
			);
			name = beats;
			sourceTree = "<group>";
		};
		B5FFA66E1BED164500511FBD /* beat-field */ = {
			isa = PBXGroup;
			children = (
				B5FFA66F1BED166200511FBD /* BeatField.cpp */,
				B5FFA6701BED166200511FBD /* BeatField.hpp */,
			);
			name = "beat-field";
			sourceTree = "<group>";
		};
/* End PBXGroup section */

/* Begin PBXNativeTarget section */
		1D6058900D05DD3D006BFB54 /* hunters iOS */ = {
			isa = PBXNativeTarget;
			buildConfigurationList = 1D6058960D05DD3E006BFB54 /* Build configuration list for PBXNativeTarget "hunters iOS" */;
			buildPhases = (
				1D60588D0D05DD3D006BFB54 /* Resources */,
				1D60588E0D05DD3D006BFB54 /* Sources */,
				1D60588F0D05DD3D006BFB54 /* Frameworks */,
			);
			buildRules = (
			);
			dependencies = (
				1AC6FB25180E99E1004C840B /* PBXTargetDependency */,
			);
			name = "hunters iOS";
			productName = iphone;
			productReference = 1D6058910D05DD3D006BFB54 /* hunters iOS.app */;
			productType = "com.apple.product-type.application";
		};
		5087E73D17EB910900C73F5D /* hunters Mac */ = {
			isa = PBXNativeTarget;
			buildConfigurationList = 5087E76C17EB910900C73F5D /* Build configuration list for PBXNativeTarget "hunters Mac" */;
			buildPhases = (
				5087E74817EB910900C73F5D /* Resources */,
				5087E75617EB910900C73F5D /* Sources */,
				5087E75C17EB910900C73F5D /* Frameworks */,
			);
			buildRules = (
			);
			dependencies = (
				1AC6FB16180E9959004C840B /* PBXTargetDependency */,
			);
			name = "hunters Mac";
			productName = iphone;
			productReference = 5087E76F17EB910900C73F5D /* hunters iOS.app */;
			productType = "com.apple.product-type.application";
		};
/* End PBXNativeTarget section */

/* Begin PBXProject section */
		29B97313FDCFA39411CA2CEA /* Project object */ = {
			isa = PBXProject;
			attributes = {
				LastUpgradeCheck = 0500;
				TargetAttributes = {
					1D6058900D05DD3D006BFB54 = {
						DevelopmentTeam = SLJHUQ5M9G;
					};
				};
			};
			buildConfigurationList = C01FCF4E08A954540054247B /* Build configuration list for PBXProject "hunters" */;
			compatibilityVersion = "Xcode 3.2";
			developmentRegion = English;
			hasScannedForEncodings = 1;
			knownRegions = (
				English,
				Japanese,
				French,
				German,
			);
			mainGroup = 29B97314FDCFA39411CA2CEA /* CustomTemplate */;
			projectDirPath = "";
			projectReferences = (
				{
					ProductGroup = 1AC6FAE6180E9839004C840B /* Products */;
					ProjectRef = 1AC6FAE5180E9839004C840B /* cocos2d_libs.xcodeproj */;
				},
			);
			projectRoot = "";
			targets = (
				1D6058900D05DD3D006BFB54 /* hunters iOS */,
				5087E73D17EB910900C73F5D /* hunters Mac */,
			);
		};
/* End PBXProject section */

/* Begin PBXReferenceProxy section */
		1AC6FAF9180E9839004C840B /* libcocos2d Mac.a */ = {
			isa = PBXReferenceProxy;
			fileType = archive.ar;
			path = "libcocos2d Mac.a";
			remoteRef = 1AC6FAF8180E9839004C840B /* PBXContainerItemProxy */;
			sourceTree = BUILT_PRODUCTS_DIR;
		};
		1AC6FB07180E9839004C840B /* libcocos2d iOS.a */ = {
			isa = PBXReferenceProxy;
			fileType = archive.ar;
			path = "libcocos2d iOS.a";
			remoteRef = 1AC6FB06180E9839004C840B /* PBXContainerItemProxy */;
			sourceTree = BUILT_PRODUCTS_DIR;
		};
/* End PBXReferenceProxy section */

/* Begin PBXResourcesBuildPhase section */
		1D60588D0D05DD3D006BFB54 /* Resources */ = {
			isa = PBXResourcesBuildPhase;
			buildActionMask = 2147483647;
			files = (
				B5BD19651BE645CC0052ACDD /* images in Resources */,
				5087E78117EB970100C73F5D /* Icon-120.png in Resources */,
				B5BD19671BE645CC0052ACDD /* sounds in Resources */,
				5087E78617EB970100C73F5D /* Icon-76.png in Resources */,
				B58066DD1BF8C5FF002A1DC1 /* hunting in Resources */,
				5087E77F17EB970100C73F5D /* Default@2x.png in Resources */,
				50EF629917ECD46A001EB2F8 /* Icon-100.png in Resources */,
				5087E78317EB970100C73F5D /* Icon-152.png in Resources */,
				46880B8119C43A67006E1F66 /* HelloWorld.png in Resources */,
				B58DDCB31BE91F7D00B54804 /* sopx in Resources */,
				46880B7D19C43A67006E1F66 /* CloseSelected.png in Resources */,
				5087E77D17EB970100C73F5D /* Default-568h@2x.png in Resources */,
				B5BD19831BE669C40052ACDD /* battle_road in Resources */,
				5087E78517EB970100C73F5D /* Icon-72.png in Resources */,
				521A8E6519F0C34300D177D7 /* Default-736h@3x.png in Resources */,
				521A8EA919F11F5000D177D7 /* fonts in Resources */,
				50EF62A317ECD613001EB2F8 /* Icon-50.png in Resources */,
				5087E78017EB970100C73F5D /* Icon-114.png in Resources */,
				50EF62A217ECD613001EB2F8 /* Icon-29.png in Resources */,
				B50A36FB1BE7C5480007B7CA /* beats in Resources */,
				50EF629617ECD46A001EB2F8 /* Icon-40.png in Resources */,
				5087E78217EB970100C73F5D /* Icon-144.png in Resources */,
				3EACC98F19EE6D4300EB3C5E /* res in Resources */,
				B581F9D21BFE46A600F9BDDB /* hunters in Resources */,
				50EF629817ECD46A001EB2F8 /* Icon-80.png in Resources */,
				5087E78417EB970100C73F5D /* Icon-57.png in Resources */,
				5087E77E17EB970100C73F5D /* Default.png in Resources */,
				521A8E6419F0C34300D177D7 /* Default-667h@2x.png in Resources */,
				B5BD19631BE645CC0052ACDD /* 3d in Resources */,
				46880B7B19C43A67006E1F66 /* CloseNormal.png in Resources */,
				50EF629717ECD46A001EB2F8 /* Icon-58.png in Resources */,
			);
			runOnlyForDeploymentPostprocessing = 0;
		};
		5087E74817EB910900C73F5D /* Resources */ = {
			isa = PBXResourcesBuildPhase;
			buildActionMask = 2147483647;
			files = (
				46880B8219C43A67006E1F66 /* HelloWorld.png in Resources */,
				503AE0F817EB97AB00D1A890 /* Icon.icns in Resources */,
				3EACC99019EE6D4300EB3C5E /* res in Resources */,
				521A8EAA19F11F5000D177D7 /* fonts in Resources */,
				46880B7C19C43A67006E1F66 /* CloseNormal.png in Resources */,
				46880B7E19C43A67006E1F66 /* CloseSelected.png in Resources */,
			);
			runOnlyForDeploymentPostprocessing = 0;
		};
/* End PBXResourcesBuildPhase section */

/* Begin PBXSourcesBuildPhase section */
		1D60588E0D05DD3D006BFB54 /* Sources */ = {
			isa = PBXSourcesBuildPhase;
			buildActionMask = 2147483647;
			files = (
				B5BD19741BE6540E0052ACDD /* QuestProtocals.cpp in Sources */,
				B56EF9C01C0E0D7F00FD7BBE /* HuntingMonsterManage.cpp in Sources */,
				B5944E9E1BF1101C00028078 /* HealthBeat.cpp in Sources */,
				B53B8CB31BEFA1BC006F5432 /* WelcoScene.cpp in Sources */,
				B5BD19771BE658230052ACDD /* BattleRoad.cpp in Sources */,
				46880B8819C43A87006E1F66 /* AppDelegate.cpp in Sources */,
				B59E7EDE1C0768C9005FA50D /* MoneyCostDef.cpp in Sources */,
				B50A36F91BE7C0030007B7CA /* PixelDataCache.cpp in Sources */,
				B5BD194E1BE645990052ACDD /* BeatDef.cpp in Sources */,
				B5BD19591BE645990052ACDD /* TripleDef.cpp in Sources */,
				B57D70A51BE89A7A00A3036F /* QuestCameraManage.cpp in Sources */,
				B58DDCB61BE9361100B54804 /* RivalGraphicNode.cpp in Sources */,
				503AE10017EB989F00D1A890 /* AppController.mm in Sources */,
				B59E7EDA1C074944005FA50D /* HeroHeadAndUpgrade.cpp in Sources */,
				B5BD195A1BE645990052ACDD /* TripleQuestScene.cpp in Sources */,
				B581F9D01BFE3A6900F9BDDB /* TopIcons.cpp in Sources */,
				B5BD19501BE645990052ACDD /* format.cpp in Sources */,
				503AE10217EB989F00D1A890 /* RootViewController.mm in Sources */,
				B58DDCBE1BEB331C00B54804 /* BloodBar.cpp in Sources */,
				B5D44E431BF1CC0F0082C360 /* LaserBeat.cpp in Sources */,
				503AE10117EB989F00D1A890 /* main.m in Sources */,
				B5BD19511BE645990052ACDD /* intersection.cpp in Sources */,
				B58DDCB11BE91B1500B54804 /* BattleRoles.cpp in Sources */,
				B5BD19531BE645990052ACDD /* ScatPixelDef.cpp in Sources */,
				B506AEBC1BEF742600021FC7 /* ProgressInfo.cpp in Sources */,
				B5AE97321C0D950900C497FB /* HuntingArrowManage.cpp in Sources */,
				B58DDCB91BE9368700B54804 /* RivalGraphicAnimationDef.cpp in Sources */,
				B581F9D61BFF0D4700F9BDDB /* EnergyBar.cpp in Sources */,
				B506AEB21BEF5EC500021FC7 /* ShieldBeat.cpp in Sources */,
				B50A36FF1BE7DB870007B7CA /* PlanePixelNode.cpp in Sources */,
				B5B7486C1C10A484009D546D /* ACSoundManage.cpp in Sources */,
				B5B7486F1C10AAA8009D546D /* Msg.cpp in Sources */,
				B58AE4301C030FD6005F9E85 /* DynamicPixelNode.cpp in Sources */,
				B5BD19551BE645990052ACDD /* SOCommon.cpp in Sources */,
				B5BD196E1BE64F5A0052ACDD /* QuestScene.cpp in Sources */,
				B582F28F1C10EE3800BEAEDD /* FloatingLaser.cpp in Sources */,
				B5FFA66D1BECFB7000511FBD /* SingleBeat.cpp in Sources */,
				B58DDCAB1BE8D70600B54804 /* HeroGraphicNode.cpp in Sources */,
				B5BD19561BE645990052ACDD /* StealthTestScene.cpp in Sources */,
				B51195331C15B56A00E94259 /* GlobalArrowEffectManage.cpp in Sources */,
				B54186171C0C43350049A3FF /* HuntingMonster.cpp in Sources */,
				B5BD19521BE645990052ACDD /* McdLayer.cpp in Sources */,
				B5944EA11BF11EB700028078 /* LongBeat.cpp in Sources */,
				B5594DC11BEBCBE7007BDD87 /* PixelTextNode.cpp in Sources */,
				B506AEB91BEF6E2400021FC7 /* StoryInfo.cpp in Sources */,
				B59E7ECF1C05AB06005FA50D /* HuntingHeroMetaSuitManage.cpp in Sources */,
				B539D28F1BE7620E0096FF04 /* PixelNode.cpp in Sources */,
				B5BD196A1BE6468F0052ACDD /* SImplePixelNode.cpp in Sources */,
				B599C0F21C01C88A0012205A /* WindBar.cpp in Sources */,
				B59E7ED31C064B72005FA50D /* HuntingHerosManage.cpp in Sources */,
				B5BD195B1BE645990052ACDD /* TRLocale.cpp in Sources */,
				B5BD19811BE65C640052ACDD /* RoadPlane.cpp in Sources */,
				B599C0F71C020C840012205A /* PowerBar.cpp in Sources */,
				B582F2921C11087500BEAEDD /* FloatingLaserManage.cpp in Sources */,
				B59E7ED61C064D6A005FA50D /* MoneyManager.cpp in Sources */,
				B5944EA41BF12A1600028078 /* CopyBeat.cpp in Sources */,
				B5BD19541BE645990052ACDD /* ScatPixelScene.cpp in Sources */,
				B506AEB61BEF686A00021FC7 /* BattleState.cpp in Sources */,
				B511952B1C14876600E94259 /* FlyingCrow.cpp in Sources */,
				B5BD194F1BE645990052ACDD /* BeatQuestScene.cpp in Sources */,
				B5FFA6711BED166200511FBD /* BeatField.cpp in Sources */,
				B5BD19581BE645990052ACDD /* TRBaseScene.cpp in Sources */,
				B59E7ECC1C04A7AE005FA50D /* HuntingHero.cpp in Sources */,
				B511952E1C14B0B600E94259 /* FlyingCrowManage.cpp in Sources */,
				B5BD19711BE652910052ACDD /* QuestDef.cpp in Sources */,
				B53B8CB81BF09DF8006F5432 /* LoadingScene.cpp in Sources */,
				B5BD19571BE645990052ACDD /* TestGuideScene.cpp in Sources */,
				B56EF9BD1C0DE8AA00FD7BBE /* Box2dTestScene.cpp in Sources */,
				B58DDCAE1BE8F82400B54804 /* HeroGraphicUnitAnimationDef.cpp in Sources */,
			);
			runOnlyForDeploymentPostprocessing = 0;
		};
		5087E75617EB910900C73F5D /* Sources */ = {
			isa = PBXSourcesBuildPhase;
			buildActionMask = 2147483647;
			files = (
				46880B8919C43A87006E1F66 /* AppDelegate.cpp in Sources */,
				503AE10517EB98FF00D1A890 /* main.cpp in Sources */,
			);
			runOnlyForDeploymentPostprocessing = 0;
		};
/* End PBXSourcesBuildPhase section */

/* Begin PBXTargetDependency section */
		1AC6FB16180E9959004C840B /* PBXTargetDependency */ = {
			isa = PBXTargetDependency;
			name = "cocos2dx Mac";
			targetProxy = 1AC6FB15180E9959004C840B /* PBXContainerItemProxy */;
		};
		1AC6FB25180E99E1004C840B /* PBXTargetDependency */ = {
			isa = PBXTargetDependency;
			name = "cocos2dx iOS";
			targetProxy = 1AC6FB24180E99E1004C840B /* PBXContainerItemProxy */;
		};
/* End PBXTargetDependency section */

/* Begin XCBuildConfiguration section */
		1D6058940D05DD3E006BFB54 /* Debug */ = {
			isa = XCBuildConfiguration;
			buildSettings = {
				ALWAYS_SEARCH_USER_PATHS = YES;
				CODE_SIGN_IDENTITY = "iPhone Developer";
				COMPRESS_PNG_FILES = NO;
				ENABLE_BITCODE = NO;
				GCC_DYNAMIC_NO_PIC = NO;
				GCC_INLINES_ARE_PRIVATE_EXTERN = NO;
				GCC_PRECOMPILE_PREFIX_HEADER = YES;
				GCC_PREFIX_HEADER = ios/Prefix.pch;
				GCC_PREPROCESSOR_DEFINITIONS = (
					USE_FILE32API,
					CC_TARGET_OS_IPHONE,
					"COCOS2D_DEBUG=1",
					"CC_ENABLE_CHIPMUNK_INTEGRATION=1",
				);
				GCC_SYMBOLS_PRIVATE_EXTERN = NO;
				HEADER_SEARCH_PATHS = (
					"$(inherited)",
					"$(SRCROOT)/../cocos2d/cocos/platform/ios",
					"$(SRCROOT)/../cocos2d/cocos/platform/ios/Simulation",
				);
				INFOPLIST_FILE = ios/Info.plist;
				IPHONEOS_DEPLOYMENT_TARGET = 6.0;
				LIBRARY_SEARCH_PATHS = "";
				OTHER_LDFLAGS = (
					"$(_COCOS_LIB_IOS_BEGIN)",
					"$(_COCOS_LIB_IOS_END)",
				);
				PRODUCT_BUNDLE_IDENTIFIER = com.arisecbf.hunters;
				PRODUCT_NAME = "hunters iOS";
				SDKROOT = iphoneos;
				TARGETED_DEVICE_FAMILY = "1,2";
				USER_HEADER_SEARCH_PATHS = "$(_COCOS_HEADER_IOS_BEGIN) $(_COCOS_HEADER_IOS_END)";
				VALID_ARCHS = "arm64 armv7";
			};
			name = Debug;
		};
		1D6058950D05DD3E006BFB54 /* Release */ = {
			isa = XCBuildConfiguration;
			buildSettings = {
				ALWAYS_SEARCH_USER_PATHS = YES;
				CODE_SIGN_IDENTITY = "iPhone Developer";
				COMPRESS_PNG_FILES = NO;
				ENABLE_BITCODE = NO;
				GCC_INLINES_ARE_PRIVATE_EXTERN = NO;
				GCC_PRECOMPILE_PREFIX_HEADER = YES;
				GCC_PREFIX_HEADER = ios/Prefix.pch;
				GCC_PREPROCESSOR_DEFINITIONS = (
					USE_FILE32API,
					CC_TARGET_OS_IPHONE,
					"CC_ENABLE_CHIPMUNK_INTEGRATION=1",
				);
				GCC_SYMBOLS_PRIVATE_EXTERN = NO;
				HEADER_SEARCH_PATHS = (
					"$(inherited)",
					"$(SRCROOT)/../cocos2d/cocos/platform/ios",
					"$(SRCROOT)/../cocos2d/cocos/platform/ios/Simulation",
				);
				INFOPLIST_FILE = ios/Info.plist;
				IPHONEOS_DEPLOYMENT_TARGET = 6.0;
				LIBRARY_SEARCH_PATHS = "";
				OTHER_LDFLAGS = (
					"$(_COCOS_LIB_IOS_BEGIN)",
					"$(_COCOS_LIB_IOS_END)",
				);
				PRODUCT_BUNDLE_IDENTIFIER = com.arisecbf.hunters;
				PRODUCT_NAME = "hunters iOS";
				SDKROOT = iphoneos;
				TARGETED_DEVICE_FAMILY = "1,2";
				USER_HEADER_SEARCH_PATHS = "$(_COCOS_HEADER_IOS_BEGIN) $(_COCOS_HEADER_IOS_END)";
				VALID_ARCHS = "arm64 armv7";
			};
			name = Release;
		};
		5087E76D17EB910900C73F5D /* Debug */ = {
			isa = XCBuildConfiguration;
			buildSettings = {
				ALWAYS_SEARCH_USER_PATHS = YES;
				ARCHS = "$(ARCHS_STANDARD_64_BIT)";
				CLANG_CXX_LANGUAGE_STANDARD = "c++0x";
				CLANG_CXX_LIBRARY = "libc++";
				GCC_DYNAMIC_NO_PIC = NO;
				GCC_INLINES_ARE_PRIVATE_EXTERN = NO;
				GCC_PRECOMPILE_PREFIX_HEADER = YES;
				GCC_PREFIX_HEADER = mac/Prefix.pch;
				GCC_PREPROCESSOR_DEFINITIONS = (
					USE_FILE32API,
					CC_TARGET_OS_MAC,
					"COCOS2D_DEBUG=1",
					"CC_ENABLE_CHIPMUNK_INTEGRATION=1",
				);
				GCC_SYMBOLS_PRIVATE_EXTERN = NO;
				HEADER_SEARCH_PATHS = (
					"$(inherited)",
					"$(SRCROOT)/../cocos2d/cocos/platform/mac",
					"$(SRCROOT)/../cocos2d/external/glfw3/include/mac",
				);
				INFOPLIST_FILE = mac/Info.plist;
				LIBRARY_SEARCH_PATHS = "";
				OTHER_LDFLAGS = (
					"$(_COCOS_LIB_MAC_BEGIN)",
					"$(_COCOS_LIB_MAC_END)",
				);
				PRODUCT_NAME = "hunters iOS";
				USER_HEADER_SEARCH_PATHS = "$(_COCOS_HEADER_MAC_BEGIN) $(_COCOS_HEADER_MAC_END)";
			};
			name = Debug;
		};
		5087E76E17EB910900C73F5D /* Release */ = {
			isa = XCBuildConfiguration;
			buildSettings = {
				ALWAYS_SEARCH_USER_PATHS = YES;
				ARCHS = "$(ARCHS_STANDARD_64_BIT)";
				CLANG_CXX_LANGUAGE_STANDARD = "c++0x";
				CLANG_CXX_LIBRARY = "libc++";
				GCC_INLINES_ARE_PRIVATE_EXTERN = NO;
				GCC_PRECOMPILE_PREFIX_HEADER = YES;
				GCC_PREFIX_HEADER = mac/Prefix.pch;
				GCC_PREPROCESSOR_DEFINITIONS = (
					USE_FILE32API,
					CC_TARGET_OS_MAC,
					"CC_ENABLE_CHIPMUNK_INTEGRATION=1",
				);
				GCC_SYMBOLS_PRIVATE_EXTERN = NO;
				HEADER_SEARCH_PATHS = (
					"$(inherited)",
					"$(SRCROOT)/../cocos2d/cocos/platform/mac",
					"$(SRCROOT)/../cocos2d/external/glfw3/include/mac",
				);
				INFOPLIST_FILE = mac/Info.plist;
				LIBRARY_SEARCH_PATHS = "";
				OTHER_LDFLAGS = (
					"$(_COCOS_LIB_MAC_BEGIN)",
					"$(_COCOS_LIB_MAC_END)",
				);
				PRODUCT_NAME = "hunters iOS";
				USER_HEADER_SEARCH_PATHS = "$(_COCOS_HEADER_MAC_BEGIN) $(_COCOS_HEADER_MAC_END)";
			};
			name = Release;
		};
		C01FCF4F08A954540054247B /* Debug */ = {
			isa = XCBuildConfiguration;
			buildSettings = {
				CLANG_CXX_LANGUAGE_STANDARD = "c++0x";
				CLANG_CXX_LIBRARY = "libc++";
				COPY_PHASE_STRIP = NO;
				GCC_OPTIMIZATION_LEVEL = 0;
				GCC_WARN_ABOUT_RETURN_TYPE = YES;
				GCC_WARN_UNUSED_VARIABLE = YES;
				HEADER_SEARCH_PATHS = (
					"$(SRCROOT)/../cocos2d",
					"$(SRCROOT)/../cocos2d/cocos",
					"$(SRCROOT)/../cocos2d/cocos/base",
					"$(SRCROOT)/../cocos2d/cocos/physics",
					"$(SRCROOT)/../cocos2d/cocos/math",
					"$(SRCROOT)/../cocos2d/cocos/2d",
					"$(SRCROOT)/../cocos2d/cocos/ui",
					"$(SRCROOT)/../cocos2d/cocos/network",
					"$(SRCROOT)/../cocos2d/cocos/audio/include",
					"$(SRCROOT)/../cocos2d/cocos/editor-support",
					"$(SRCROOT)/../cocos2d/extensions",
					"$(SRCROOT)/../cocos2d/external",
					"$(SRCROOT)/../cocos2d/external/chipmunk/include/chipmunk",
				);
				MACOSX_DEPLOYMENT_TARGET = 10.7;
				ONLY_ACTIVE_ARCH = YES;
				PRODUCT_NAME = "$(TARGET_NAME)";
				SDKROOT = macosx;
			};
			name = Debug;
		};
		C01FCF5008A954540054247B /* Release */ = {
			isa = XCBuildConfiguration;
			buildSettings = {
				CLANG_CXX_LANGUAGE_STANDARD = "c++0x";
				CLANG_CXX_LIBRARY = "libc++";
				GCC_WARN_ABOUT_RETURN_TYPE = YES;
				GCC_WARN_UNUSED_VARIABLE = YES;
				HEADER_SEARCH_PATHS = (
					"$(SRCROOT)/../cocos2d",
					"$(SRCROOT)/../cocos2d/cocos",
					"$(SRCROOT)/../cocos2d/cocos/base",
					"$(SRCROOT)/../cocos2d/cocos/physics",
					"$(SRCROOT)/../cocos2d/cocos/math",
					"$(SRCROOT)/../cocos2d/cocos/2d",
					"$(SRCROOT)/../cocos2d/cocos/ui",
					"$(SRCROOT)/../cocos2d/cocos/network",
					"$(SRCROOT)/../cocos2d/cocos/audio/include",
					"$(SRCROOT)/../cocos2d/cocos/editor-support",
					"$(SRCROOT)/../cocos2d/extensions",
					"$(SRCROOT)/../cocos2d/external",
					"$(SRCROOT)/../cocos2d/external/chipmunk/include/chipmunk",
				);
				MACOSX_DEPLOYMENT_TARGET = 10.7;
				OTHER_CFLAGS = "-DNS_BLOCK_ASSERTIONS=1";
				PRODUCT_NAME = "$(TARGET_NAME)";
				SDKROOT = macosx;
				VALIDATE_PRODUCT = YES;
			};
			name = Release;
		};
/* End XCBuildConfiguration section */

/* Begin XCConfigurationList section */
		1D6058960D05DD3E006BFB54 /* Build configuration list for PBXNativeTarget "hunters iOS" */ = {
			isa = XCConfigurationList;
			buildConfigurations = (
				1D6058940D05DD3E006BFB54 /* Debug */,
				1D6058950D05DD3E006BFB54 /* Release */,
			);
			defaultConfigurationIsVisible = 0;
			defaultConfigurationName = Debug;
		};
		5087E76C17EB910900C73F5D /* Build configuration list for PBXNativeTarget "hunters Mac" */ = {
			isa = XCConfigurationList;
			buildConfigurations = (
				5087E76D17EB910900C73F5D /* Debug */,
				5087E76E17EB910900C73F5D /* Release */,
			);
			defaultConfigurationIsVisible = 0;
			defaultConfigurationName = Debug;
		};
		C01FCF4E08A954540054247B /* Build configuration list for PBXProject "hunters" */ = {
			isa = XCConfigurationList;
			buildConfigurations = (
				C01FCF4F08A954540054247B /* Debug */,
				C01FCF5008A954540054247B /* Release */,
			);
			defaultConfigurationIsVisible = 0;
			defaultConfigurationName = Debug;
		};
/* End XCConfigurationList section */
	};
	rootObject = 29B97313FDCFA39411CA2CEA /* Project object */;
}
